<?xml version="1.0" encoding="utf-8"?>
<Project ToolsVersion="4.0" xmlns="http://schemas.microsoft.com/developer/msbuild/2003">
  <ItemGroup>
    <Filter Include="01. Sources">
      <UniqueIdentifier>{d65ff58e-d3f3-467a-90b7-c1a953cb3424}</UniqueIdentifier>
      <Extensions>cpp;c;cxx;rc;def;r;odl;idl;hpj;bat</Extensions>
    </Filter>
    <Filter Include="02. Headers">
      <UniqueIdentifier>{0728cb88-d40c-4ea5-abf5-9a2871fddeff}</UniqueIdentifier>
      <Extensions>h;hpp;hxx;hm;inl</Extensions>
    </Filter>
    <Filter Include="SSGM">
      <UniqueIdentifier>{3a838239-ff5c-4a89-ad2a-19a5da3fc8b6}</UniqueIdentifier>
    </Filter>
    <Filter Include="03. New Sources">
      <UniqueIdentifier>{fb772dcb-3042-4c30-9947-c6543e48698c}</UniqueIdentifier>
    </Filter>
    <Filter Include="Documentation">
      <UniqueIdentifier>{5e366579-cb1f-4e1c-ad6d-4be536adb3f3}</UniqueIdentifier>
    </Filter>
    <Filter Include="Documentation\Tutorials">
      <UniqueIdentifier>{46b4dd7a-1d86-4d73-a589-98c1a0f207c6}</UniqueIdentifier>
    </Filter>
  </ItemGroup>
  <ItemGroup>
    <ClCompile Include="cAMpaScripts.cpp">
      <Filter>01. Sources</Filter>
    </ClCompile>
    <ClCompile Include="Crc32.cpp">
      <Filter>01. Sources</Filter>
    </ClCompile>
    <ClCompile Include="dan.cpp">
      <Filter>01. Sources</Filter>
    </ClCompile>
    <ClCompile Include="dllmain.cpp">
      <Filter>01. Sources</Filter>
    </ClCompile>
    <ClCompile Include="dp88_ar.cpp">
      <Filter>01. Sources</Filter>
    </ClCompile>
    <ClCompile Include="dp88_ar_unitScripts.cpp">
      <Filter>01. Sources</Filter>
    </ClCompile>
    <ClCompile Include="dp88_buildingScripts.cpp">
      <Filter>01. Sources</Filter>
    </ClCompile>
    <ClCompile Include="dp88_customAI.cpp">
      <Filter>01. Sources</Filter>
    </ClCompile>
    <ClCompile Include="dp88_misc.cpp">
      <Filter>01. Sources</Filter>
    </ClCompile>
    <ClCompile Include="dp88_veterancy.cpp">
      <Filter>01. Sources</Filter>
    </ClCompile>
    <ClCompile Include="engine_common.cpp">
      <Filter>01. Sources</Filter>
    </ClCompile>
    <ClCompile Include="engine_def.cpp">
      <Filter>01. Sources</Filter>
    </ClCompile>
    <ClCompile Include="engine_dmg.cpp">
      <Filter>01. Sources</Filter>
    </ClCompile>
    <ClCompile Include="engine_game.cpp">
      <Filter>01. Sources</Filter>
    </ClCompile>
    <ClCompile Include="engine_io.cpp">
      <Filter>01. Sources</Filter>
    </ClCompile>
    <ClCompile Include="engine_math.cpp">
      <Filter>01. Sources</Filter>
    </ClCompile>
    <ClCompile Include="engine_obj.cpp">
      <Filter>01. Sources</Filter>
    </ClCompile>
    <ClCompile Include="engine_obj2.cpp">
      <Filter>01. Sources</Filter>
    </ClCompile>
    <ClCompile Include="engine_phys.cpp">
      <Filter>01. Sources</Filter>
    </ClCompile>
    <ClCompile Include="engine_player.cpp">
      <Filter>01. Sources</Filter>
    </ClCompile>
    <ClCompile Include="engine_pt.cpp">
      <Filter>01. Sources</Filter>
    </ClCompile>
    <ClCompile Include="engine_script.cpp">
      <Filter>01. Sources</Filter>
    </ClCompile>
    <ClCompile Include="engine_string.cpp">
      <Filter>01. Sources</Filter>
    </ClCompile>
    <ClCompile Include="engine_tdb.cpp">
      <Filter>01. Sources</Filter>
    </ClCompile>
    <ClCompile Include="engine_threading.cpp">
      <Filter>01. Sources</Filter>
    </ClCompile>
    <ClCompile Include="engine_tt.cpp">
      <Filter>01. Sources</Filter>
    </ClCompile>
    <ClCompile Include="engine_weap.cpp">
      <Filter>01. Sources</Filter>
    </ClCompile>
    <ClCompile Include="gap.cpp">
      <Filter>01. Sources</Filter>
    </ClCompile>
    <ClCompile Include="jfwcine.cpp">
      <Filter>01. Sources</Filter>
    </ClCompile>
    <ClCompile Include="jfwcust.cpp">
      <Filter>01. Sources</Filter>
    </ClCompile>
    <ClCompile Include="jfwdef.cpp">
      <Filter>01. Sources</Filter>
    </ClCompile>
    <ClCompile Include="jfwdmg.cpp">
      <Filter>01. Sources</Filter>
    </ClCompile>
    <ClCompile Include="jfwgame.cpp">
      <Filter>01. Sources</Filter>
    </ClCompile>
    <ClCompile Include="jfwgun.cpp">
      <Filter>01. Sources</Filter>
    </ClCompile>
    <ClCompile Include="jfwhook.cpp">
      <Filter>01. Sources</Filter>
    </ClCompile>
    <ClCompile Include="jfwmisc.cpp">
      <Filter>01. Sources</Filter>
    </ClCompile>
    <ClCompile Include="jfwobj.cpp">
      <Filter>01. Sources</Filter>
    </ClCompile>
    <ClCompile Include="jfwpoke.cpp">
      <Filter>01. Sources</Filter>
    </ClCompile>
    <ClCompile Include="jfwpow.cpp">
      <Filter>01. Sources</Filter>
    </ClCompile>
    <ClCompile Include="jfwscr.cpp">
      <Filter>01. Sources</Filter>
    </ClCompile>
    <ClCompile Include="jfwsnd.cpp">
      <Filter>01. Sources</Filter>
    </ClCompile>
    <ClCompile Include="jfwveh.cpp">
      <Filter>01. Sources</Filter>
    </ClCompile>
    <ClCompile Include="jfwweap.cpp">
      <Filter>01. Sources</Filter>
    </ClCompile>
    <ClCompile Include="jfwws.cpp">
      <Filter>01. Sources</Filter>
    </ClCompile>
    <ClCompile Include="jfwzone.cpp">
      <Filter>01. Sources</Filter>
    </ClCompile>
    <ClCompile Include="kak.cpp">
      <Filter>01. Sources</Filter>
    </ClCompile>
    <ClCompile Include="kamuix.cpp">
      <Filter>01. Sources</Filter>
    </ClCompile>
    <ClCompile Include="mdb.cpp">
      <Filter>01. Sources</Filter>
    </ClCompile>
    <ClCompile Include="mdbdef.cpp">
      <Filter>01. Sources</Filter>
    </ClCompile>
    <ClCompile Include="mdbevf.cpp">
      <Filter>01. Sources</Filter>
    </ClCompile>
    <ClCompile Include="neo.cpp">
      <Filter>01. Sources</Filter>
    </ClCompile>
    <ClCompile Include="nh.cpp">
      <Filter>01. Sources</Filter>
    </ClCompile>
    <ClCompile Include="nhp.cpp">
      <Filter>01. Sources</Filter>
    </ClCompile>
    <ClCompile Include="ra2.cpp">
      <Filter>01. Sources</Filter>
    </ClCompile>
    <ClCompile Include="ra_legacy.cpp">
      <Filter>01. Sources</Filter>
    </ClCompile>
    <ClCompile Include="reborn.cpp">
      <Filter>01. Sources</Filter>
    </ClCompile>
    <ClCompile Include="renalert.cpp">
      <Filter>01. Sources</Filter>
    </ClCompile>
    <ClCompile Include="renalert2.cpp">
      <Filter>01. Sources</Filter>
    </ClCompile>
    <ClCompile Include="scriptfactory.cpp">
      <Filter>01. Sources</Filter>
    </ClCompile>
    <ClCompile Include="scriptregistrar.cpp">
      <Filter>01. Sources</Filter>
    </ClCompile>
    <ClCompile Include="scripts.cpp">
      <Filter>01. Sources</Filter>
    </ClCompile>
    <ClCompile Include="scud.cpp">
      <Filter>01. Sources</Filter>
    </ClCompile>
    <ClCompile Include="sh_blocker.cpp">
      <Filter>01. Sources</Filter>
    </ClCompile>
    <ClCompile Include="sh_underground.cpp">
      <Filter>01. Sources</Filter>
    </ClCompile>
    <ClCompile Include="shawk.cpp">
      <Filter>01. Sources</Filter>
    </ClCompile>
    <ClCompile Include="survival.cpp">
      <Filter>01. Sources</Filter>
    </ClCompile>
    <ClCompile Include="tda.cpp">
      <Filter>01. Sources</Filter>
    </ClCompile>
    <ClCompile Include="tfx.cpp">
      <Filter>01. Sources</Filter>
    </ClCompile>
    <ClCompile Include="agtfix.cpp">
      <Filter>03. New Sources</Filter>
    </ClCompile>
    <ClCompile Include="cGameType.cpp">
      <Filter>03. New Sources</Filter>
    </ClCompile>
    <ClCompile Include="ChunkClasses.cpp">
      <Filter>03. New Sources</Filter>
    </ClCompile>
    <ClCompile Include="coltest.cpp">
      <Filter>03. New Sources</Filter>
    </ClCompile>
    <ClCompile Include="CriticalSectionClass.cpp">
      <Filter>03. New Sources</Filter>
    </ClCompile>
    <ClCompile Include="datasafe.cpp">
      <Filter>03. New Sources</Filter>
    </ClCompile>
    <ClCompile Include="General.cpp">
      <Filter>03. New Sources</Filter>
    </ClCompile>
    <ClCompile Include="HashTemplateKeyClass.cpp">
      <Filter>03. New Sources</Filter>
    </ClCompile>
    <ClCompile Include="Iterator.cpp">
      <Filter>03. New Sources</Filter>
    </ClCompile>
    <ClCompile Include="LineSegClass.cpp">
      <Filter>03. New Sources</Filter>
    </ClCompile>
    <ClCompile Include="Matrix3.cpp">
      <Filter>03. New Sources</Filter>
    </ClCompile>
    <ClCompile Include="Matrix3D.cpp">
      <Filter>03. New Sources</Filter>
    </ClCompile>
    <ClCompile Include="matrix4.cpp">
      <Filter>03. New Sources</Filter>
    </ClCompile>
    <ClCompile Include="obelfix.cpp">
      <Filter>03. New Sources</Filter>
    </ClCompile>
    <ClCompile Include="ReferencerClass.cpp">
      <Filter>03. New Sources</Filter>
    </ClCompile>
    <ClCompile Include="SysTimeClass.cpp">
      <Filter>03. New Sources</Filter>
    </ClCompile>
    <ClCompile Include="wwmath.cpp">
      <Filter>03. New Sources</Filter>
    </ClCompile>
    <ClCompile Include="gmgame.cpp">
      <Filter>SSGM</Filter>
    </ClCompile>
    <ClCompile Include="gmbuilding.cpp">
      <Filter>SSGM</Filter>
    </ClCompile>
    <ClCompile Include="gmlog.cpp">
      <Filter>SSGM</Filter>
    </ClCompile>
    <ClCompile Include="gmsoldier.cpp">
      <Filter>SSGM</Filter>
    </ClCompile>
    <ClCompile Include="gmvehicle.cpp">
      <Filter>SSGM</Filter>
    </ClCompile>
    <ClCompile Include="DefaultConnectionAcceptanceFilter.cpp">
      <Filter>01. Sources</Filter>
    </ClCompile>
    <ClCompile Include="ThreadClass.cpp">
      <Filter>03. New Sources</Filter>
    </ClCompile>
    <ClCompile Include="DefinitionFactoryClass.cpp">
      <Filter>03. New Sources</Filter>
    </ClCompile>
    <ClCompile Include="DefinitionFactoryMgrClass.cpp">
      <Filter>03. New Sources</Filter>
    </ClCompile>
    <ClCompile Include="FileFactoryListClass.cpp">
      <Filter>03. New Sources</Filter>
    </ClCompile>
    <ClCompile Include="PersistFactoryClass.cpp">
      <Filter>03. New Sources</Filter>
    </ClCompile>
    <ClCompile Include="PointerRemapClass.cpp">
      <Filter>03. New Sources</Filter>
    </ClCompile>
    <ClCompile Include="SimpleFileFactoryClass.cpp">
      <Filter>03. New Sources</Filter>
    </ClCompile>
    <ClCompile Include="straw.cpp">
      <Filter>03. New Sources</Filter>
    </ClCompile>
    <ClCompile Include="CommandLineParser.cpp">
      <Filter>03. New Sources</Filter>
    </ClCompile>
    <ClCompile Include="iran_scripts.cpp">
      <Filter>01. Sources</Filter>
    </ClCompile>
    <ClCompile Include="LoopedAnimationController.cpp">
      <Filter>01. Sources</Filter>
    </ClCompile>
    <ClCompile Include="xpert.cpp">
      <Filter>01. Sources</Filter>
    </ClCompile>
    <ClCompile Include="Quaternion.cpp">
      <Filter>03. New Sources</Filter>
    </ClCompile>
    <ClCompile Include="Random2Class.cpp">
      <Filter>03. New Sources</Filter>
    </ClCompile>
    <ClCompile Include="Random3Class.cpp">
      <Filter>03. New Sources</Filter>
    </ClCompile>
    <ClCompile Include="WeaponManager.cpp">
      <Filter>03. New Sources</Filter>
    </ClCompile>
    <ClCompile Include="sh_factory.cpp">
      <Filter>01. Sources</Filter>
    </ClCompile>
    <ClCompile Include="jmgBearHunter.cpp">
      <Filter>01. Sources</Filter>
    </ClCompile>
    <ClCompile Include="JmgDeathMatch.cpp">
      <Filter>01. Sources</Filter>
    </ClCompile>
    <ClCompile Include="jmgMetroid.cpp">
      <Filter>01. Sources</Filter>
    </ClCompile>
    <ClCompile Include="jmgUtility.cpp">
      <Filter>01. Sources</Filter>
    </ClCompile>
    <ClCompile Include="JMGRenetBusters.cpp">
      <Filter>01. Sources</Filter>
    </ClCompile>
  </ItemGroup>
  <ItemGroup>
    <ClInclude Include="ArmedGameObj.h">
      <Filter>02. Headers</Filter>
    </ClInclude>
    <ClInclude Include="ArmedGameObjDef.h">
      <Filter>02. Headers</Filter>
    </ClInclude>
    <ClInclude Include="BaseControllerClass.h">
      <Filter>02. Headers</Filter>
    </ClInclude>
    <ClInclude Include="BaseGameObj.h">
      <Filter>02. Headers</Filter>
    </ClInclude>
    <ClInclude Include="BaseGameObjDef.h">
      <Filter>02. Headers</Filter>
    </ClInclude>
    <ClInclude Include="BeaconGameObj.h">
      <Filter>02. Headers</Filter>
    </ClInclude>
    <ClInclude Include="BeaconGameObjDef.h">
      <Filter>02. Headers</Filter>
    </ClInclude>
    <ClInclude Include="C4GameObj.h">
      <Filter>02. Headers</Filter>
    </ClInclude>
    <ClInclude Include="C4GameObjDef.h">
      <Filter>02. Headers</Filter>
    </ClInclude>
    <ClInclude Include="cAMpaScripts.h">
      <Filter>02. Headers</Filter>
    </ClInclude>
    <ClInclude Include="CinematicGameObj.h">
      <Filter>02. Headers</Filter>
    </ClInclude>
    <ClInclude Include="CinematicGameObjDef.h">
      <Filter>02. Headers</Filter>
    </ClInclude>
    <ClInclude Include="cPlayer.h">
      <Filter>02. Headers</Filter>
    </ClInclude>
    <ClInclude Include="Crc32.h">
      <Filter>02. Headers</Filter>
    </ClInclude>
    <ClInclude Include="DamageableGameObj.h">
      <Filter>02. Headers</Filter>
    </ClInclude>
    <ClInclude Include="DamageableGameObjDef.h">
      <Filter>02. Headers</Filter>
    </ClInclude>
    <ClInclude Include="DamageZoneGameObj.h">
      <Filter>02. Headers</Filter>
    </ClInclude>
    <ClInclude Include="DamageZoneGameObjDef.h">
      <Filter>02. Headers</Filter>
    </ClInclude>
    <ClInclude Include="dan.h">
      <Filter>02. Headers</Filter>
    </ClInclude>
    <ClInclude Include="DefenseObjectDefClass.h">
      <Filter>02. Headers</Filter>
    </ClInclude>
    <ClInclude Include="Definition.h">
      <Filter>02. Headers</Filter>
    </ClInclude>
    <ClInclude Include="dp88_ar.h">
      <Filter>02. Headers</Filter>
    </ClInclude>
    <ClInclude Include="dp88_ar_unitScripts.h">
      <Filter>02. Headers</Filter>
    </ClInclude>
    <ClInclude Include="dp88_buildingScripts.h">
      <Filter>02. Headers</Filter>
    </ClInclude>
    <ClInclude Include="dp88_custom_timer_defines.h">
      <Filter>02. Headers</Filter>
    </ClInclude>
    <ClInclude Include="dp88_customAI.h">
      <Filter>02. Headers</Filter>
    </ClInclude>
    <ClInclude Include="dp88_misc.h">
      <Filter>02. Headers</Filter>
    </ClInclude>
    <ClInclude Include="dp88_veterancy.h">
      <Filter>02. Headers</Filter>
    </ClInclude>
    <ClInclude Include="Editable.h">
      <Filter>02. Headers</Filter>
    </ClInclude>
    <ClInclude Include="engine.h">
      <Filter>02. Headers</Filter>
    </ClInclude>
    <ClInclude Include="engine_common.h">
      <Filter>02. Headers</Filter>
    </ClInclude>
    <ClInclude Include="engine_def.h">
      <Filter>02. Headers</Filter>
    </ClInclude>
    <ClInclude Include="engine_dmg.h">
      <Filter>02. Headers</Filter>
    </ClInclude>
    <ClInclude Include="engine_game.h">
      <Filter>02. Headers</Filter>
    </ClInclude>
    <ClInclude Include="engine_io.h">
      <Filter>02. Headers</Filter>
    </ClInclude>
    <ClInclude Include="engine_math.h">
      <Filter>02. Headers</Filter>
    </ClInclude>
    <ClInclude Include="engine_obj.h">
      <Filter>02. Headers</Filter>
    </ClInclude>
    <ClInclude Include="engine_obj2.h">
      <Filter>02. Headers</Filter>
    </ClInclude>
    <ClInclude Include="engine_phys.h">
      <Filter>02. Headers</Filter>
    </ClInclude>
    <ClInclude Include="engine_player.h">
      <Filter>02. Headers</Filter>
    </ClInclude>
    <ClInclude Include="engine_pt.h">
      <Filter>02. Headers</Filter>
    </ClInclude>
    <ClInclude Include="engine_script.h">
      <Filter>02. Headers</Filter>
    </ClInclude>
    <ClInclude Include="engine_string.h">
      <Filter>02. Headers</Filter>
    </ClInclude>
    <ClInclude Include="engine_tdb.h">
      <Filter>02. Headers</Filter>
    </ClInclude>
    <ClInclude Include="engine_threading.h">
      <Filter>02. Headers</Filter>
    </ClInclude>
    <ClInclude Include="engine_tt.h">
      <Filter>02. Headers</Filter>
    </ClInclude>
    <ClInclude Include="engine_ttdef.h">
      <Filter>02. Headers</Filter>
    </ClInclude>
    <ClInclude Include="engine_vector.h">
      <Filter>02. Headers</Filter>
    </ClInclude>
    <ClInclude Include="engine_weap.h">
      <Filter>02. Headers</Filter>
    </ClInclude>
    <ClInclude Include="GameData.h">
      <Filter>02. Headers</Filter>
    </ClInclude>
    <ClInclude Include="gap.h">
      <Filter>02. Headers</Filter>
    </ClInclude>
    <ClInclude Include="jfwcine.h">
      <Filter>02. Headers</Filter>
    </ClInclude>
    <ClInclude Include="jfwcust.h">
      <Filter>02. Headers</Filter>
    </ClInclude>
    <ClInclude Include="jfwdef.h">
      <Filter>02. Headers</Filter>
    </ClInclude>
    <ClInclude Include="jfwdmg.h">
      <Filter>02. Headers</Filter>
    </ClInclude>
    <ClInclude Include="jfwgame.h">
      <Filter>02. Headers</Filter>
    </ClInclude>
    <ClInclude Include="jfwgun.h">
      <Filter>02. Headers</Filter>
    </ClInclude>
    <ClInclude Include="jfwhook.h">
      <Filter>02. Headers</Filter>
    </ClInclude>
    <ClInclude Include="jfwmisc.h">
      <Filter>02. Headers</Filter>
    </ClInclude>
    <ClInclude Include="jfwobj.h">
      <Filter>02. Headers</Filter>
    </ClInclude>
    <ClInclude Include="jfwpoke.h">
      <Filter>02. Headers</Filter>
    </ClInclude>
    <ClInclude Include="jfwpow.h">
      <Filter>02. Headers</Filter>
    </ClInclude>
    <ClInclude Include="jfwscr.h">
      <Filter>02. Headers</Filter>
    </ClInclude>
    <ClInclude Include="jfwsnd.h">
      <Filter>02. Headers</Filter>
    </ClInclude>
    <ClInclude Include="jfwveh.h">
      <Filter>02. Headers</Filter>
    </ClInclude>
    <ClInclude Include="jfwweap.h">
      <Filter>02. Headers</Filter>
    </ClInclude>
    <ClInclude Include="jfwws.h">
      <Filter>02. Headers</Filter>
    </ClInclude>
    <ClInclude Include="jfwzone.h">
      <Filter>02. Headers</Filter>
    </ClInclude>
    <ClInclude Include="kak.h">
      <Filter>02. Headers</Filter>
    </ClInclude>
    <ClInclude Include="kamuix.h">
      <Filter>02. Headers</Filter>
    </ClInclude>
    <ClInclude Include="mdb.h">
      <Filter>02. Headers</Filter>
    </ClInclude>
    <ClInclude Include="mdbdef.h">
      <Filter>02. Headers</Filter>
    </ClInclude>
    <ClInclude Include="mdbevf.h">
      <Filter>02. Headers</Filter>
    </ClInclude>
    <ClInclude Include="neo.h">
      <Filter>02. Headers</Filter>
    </ClInclude>
    <ClInclude Include="NetworkObjectClass.h">
      <Filter>02. Headers</Filter>
    </ClInclude>
    <ClInclude Include="nh.h">
      <Filter>02. Headers</Filter>
    </ClInclude>
    <ClInclude Include="nhp.h">
      <Filter>02. Headers</Filter>
    </ClInclude>
    <ClInclude Include="obboxclass.h">
      <Filter>02. Headers</Filter>
    </ClInclude>
    <ClInclude Include="OffenseObjectClass.h">
      <Filter>02. Headers</Filter>
    </ClInclude>
    <ClInclude Include="Parameter.h">
      <Filter>02. Headers</Filter>
    </ClInclude>
    <ClInclude Include="Persist.h">
      <Filter>02. Headers</Filter>
    </ClInclude>
    <ClInclude Include="PhysicalGameObj.h">
      <Filter>02. Headers</Filter>
    </ClInclude>
    <ClInclude Include="PhysicalGameObjDef.h">
      <Filter>02. Headers</Filter>
    </ClInclude>
    <ClInclude Include="PhysObserverClass.h">
      <Filter>02. Headers</Filter>
    </ClInclude>
    <ClInclude Include="PlayerDataClass.h">
      <Filter>02. Headers</Filter>
    </ClInclude>
    <ClInclude Include="PowerupGameObj.h">
      <Filter>02. Headers</Filter>
    </ClInclude>
    <ClInclude Include="PowerupGameObjDef.h">
      <Filter>02. Headers</Filter>
    </ClInclude>
    <ClInclude Include="PurchaseSettingsDefClass.h">
      <Filter>02. Headers</Filter>
    </ClInclude>
    <ClInclude Include="ra2.h">
      <Filter>02. Headers</Filter>
    </ClInclude>
    <ClInclude Include="ra_legacy.h">
      <Filter>02. Headers</Filter>
    </ClInclude>
    <ClInclude Include="reborn.h">
      <Filter>02. Headers</Filter>
    </ClInclude>
    <ClInclude Include="ReferenceableClass.h">
      <Filter>02. Headers</Filter>
    </ClInclude>
    <ClInclude Include="renalert.h">
      <Filter>02. Headers</Filter>
    </ClInclude>
    <ClInclude Include="renalert2.h">
      <Filter>02. Headers</Filter>
    </ClInclude>
    <ClInclude Include="ScriptableGameObj.h">
      <Filter>02. Headers</Filter>
    </ClInclude>
    <ClInclude Include="ScriptableGameObjDef.h">
      <Filter>02. Headers</Filter>
    </ClInclude>
    <ClInclude Include="scripts.h">
      <Filter>02. Headers</Filter>
    </ClInclude>
    <ClInclude Include="ScriptZoneGameObj.h">
      <Filter>02. Headers</Filter>
    </ClInclude>
    <ClInclude Include="ScriptZoneGameObjDef.h">
      <Filter>02. Headers</Filter>
    </ClInclude>
    <ClInclude Include="scud.h">
      <Filter>02. Headers</Filter>
    </ClInclude>
    <ClInclude Include="shawk.h">
      <Filter>02. Headers</Filter>
    </ClInclude>
    <ClInclude Include="SimpleGameObj.h">
      <Filter>02. Headers</Filter>
    </ClInclude>
    <ClInclude Include="SimpleGameObjDef.h">
      <Filter>02. Headers</Filter>
    </ClInclude>
    <ClInclude Include="SpecialEffectsGameObj.h">
      <Filter>02. Headers</Filter>
    </ClInclude>
    <ClInclude Include="SpecialEffectsGameObjDef.h">
      <Filter>02. Headers</Filter>
    </ClInclude>
    <ClInclude Include="survival.h">
      <Filter>02. Headers</Filter>
    </ClInclude>
    <ClInclude Include="tda.h">
      <Filter>02. Headers</Filter>
    </ClInclude>
    <ClInclude Include="TeamPurchaseSettingsDefClass.h">
      <Filter>02. Headers</Filter>
    </ClInclude>
    <ClInclude Include="tfx.h">
      <Filter>02. Headers</Filter>
    </ClInclude>
    <ClInclude Include="TransitionGameObj.h">
      <Filter>02. Headers</Filter>
    </ClInclude>
    <ClInclude Include="TransitionGameObjDef.h">
      <Filter>02. Headers</Filter>
    </ClInclude>
    <ClInclude Include="Vector3i.h">
      <Filter>02. Headers</Filter>
    </ClInclude>
    <ClInclude Include="WeaponBagClass.h">
      <Filter>02. Headers</Filter>
    </ClInclude>
    <ClInclude Include="WeaponClass.h">
      <Filter>02. Headers</Filter>
    </ClInclude>
    <ClInclude Include="weaponmgr.h">
      <Filter>02. Headers</Filter>
    </ClInclude>
    <ClInclude Include="AABoxClass.h">
      <Filter>03. New Sources</Filter>
    </ClInclude>
    <ClInclude Include="action.h">
      <Filter>03. New Sources</Filter>
    </ClInclude>
    <ClInclude Include="agtfix.h">
      <Filter>03. New Sources</Filter>
    </ClInclude>
    <ClInclude Include="AnimCollisionManagerClass.h">
      <Filter>03. New Sources</Filter>
    </ClInclude>
    <ClInclude Include="AnimControlClass.h">
      <Filter>03. New Sources</Filter>
    </ClInclude>
    <ClInclude Include="BuildingAggregateClass.h">
      <Filter>03. New Sources</Filter>
    </ClInclude>
    <ClInclude Include="BuildingGameObj.h">
      <Filter>03. New Sources</Filter>
    </ClInclude>
    <ClInclude Include="BuildingGameObjDef.h">
      <Filter>03. New Sources</Filter>
    </ClInclude>
    <ClInclude Include="CastResultStruct.h">
      <Filter>03. New Sources</Filter>
    </ClInclude>
    <ClInclude Include="cGameType.h">
      <Filter>03. New Sources</Filter>
    </ClInclude>
    <ClInclude Include="ChunkClass.h">
      <Filter>03. New Sources</Filter>
    </ClInclude>
    <ClInclude Include="ConstructionYardGameObj.h">
      <Filter>03. New Sources</Filter>
    </ClInclude>
    <ClInclude Include="ConstructionYardGameObjDef.h">
      <Filter>03. New Sources</Filter>
    </ClInclude>
    <ClInclude Include="ControlClass.h">
      <Filter>03. New Sources</Filter>
    </ClInclude>
    <ClInclude Include="CriticalSectionClass.h">
      <Filter>03. New Sources</Filter>
    </ClInclude>
    <ClInclude Include="CullableClass.h">
      <Filter>03. New Sources</Filter>
    </ClInclude>
    <ClInclude Include="datasafe.h">
      <Filter>03. New Sources</Filter>
    </ClInclude>
    <ClInclude Include="DecorationPhysClass.h">
      <Filter>03. New Sources</Filter>
    </ClInclude>
    <ClInclude Include="DecorationPhysDefClass.h">
      <Filter>03. New Sources</Filter>
    </ClInclude>
    <ClInclude Include="DefenseObjectClass.h">
      <Filter>03. New Sources</Filter>
    </ClInclude>
    <ClInclude Include="Defines.h">
      <Filter>03. New Sources</Filter>
    </ClInclude>
    <ClInclude Include="DialogueClass.h">
      <Filter>03. New Sources</Filter>
    </ClInclude>
    <ClInclude Include="GameObjManager.h">
      <Filter>03. New Sources</Filter>
    </ClInclude>
    <ClInclude Include="General.h">
      <Filter>03. New Sources</Filter>
    </ClInclude>
    <ClInclude Include="HashTemplateClass.h">
      <Filter>03. New Sources</Filter>
    </ClInclude>
    <ClInclude Include="HashTemplateIterator.h">
      <Filter>03. New Sources</Filter>
    </ClInclude>
    <ClInclude Include="HashTemplateKeyClass.h">
      <Filter>03. New Sources</Filter>
    </ClInclude>
    <ClInclude Include="HTreeClass.h">
      <Filter>03. New Sources</Filter>
    </ClInclude>
    <ClInclude Include="HumanStateClass.h">
      <Filter>03. New Sources</Filter>
    </ClInclude>
    <ClInclude Include="Iterator.h">
      <Filter>03. New Sources</Filter>
    </ClInclude>
    <ClInclude Include="LightPhysClass.h">
      <Filter>03. New Sources</Filter>
    </ClInclude>
    <ClInclude Include="LineSegClass.h">
      <Filter>03. New Sources</Filter>
    </ClInclude>
    <ClInclude Include="MaterialEffectClass.h">
      <Filter>03. New Sources</Filter>
    </ClInclude>
    <ClInclude Include="Matrix3.h">
      <Filter>03. New Sources</Filter>
    </ClInclude>
    <ClInclude Include="Matrix3D.h">
      <Filter>03. New Sources</Filter>
    </ClInclude>
    <ClInclude Include="matrix4.h">
      <Filter>03. New Sources</Filter>
    </ClInclude>
    <ClInclude Include="MeshClass.h">
      <Filter>03. New Sources</Filter>
    </ClInclude>
    <ClInclude Include="MoveablePhysClass.h">
      <Filter>03. New Sources</Filter>
    </ClInclude>
    <ClInclude Include="multilist.h">
      <Filter>03. New Sources</Filter>
    </ClInclude>
    <ClInclude Include="obelfix.h">
      <Filter>03. New Sources</Filter>
    </ClInclude>
    <ClInclude Include="PhysClass.h">
      <Filter>03. New Sources</Filter>
    </ClInclude>
    <ClInclude Include="physcoltest.h">
      <Filter>03. New Sources</Filter>
    </ClInclude>
    <ClInclude Include="PhysControllerClass.h">
      <Filter>03. New Sources</Filter>
    </ClInclude>
    <ClInclude Include="plane.h">
      <Filter>03. New Sources</Filter>
    </ClInclude>
    <ClInclude Include="PostLoadableClass.h">
      <Filter>03. New Sources</Filter>
    </ClInclude>
    <ClInclude Include="ProjectorManagerClass.h">
      <Filter>03. New Sources</Filter>
    </ClInclude>
    <ClInclude Include="rect.h">
      <Filter>03. New Sources</Filter>
    </ClInclude>
    <ClInclude Include="ReferencerClass.h">
      <Filter>03. New Sources</Filter>
    </ClInclude>
    <ClInclude Include="RefineryGameObj.h">
      <Filter>03. New Sources</Filter>
    </ClInclude>
    <ClInclude Include="RefineryGameObjDef.h">
      <Filter>03. New Sources</Filter>
    </ClInclude>
    <ClInclude Include="RenderObjClass.h">
      <Filter>03. New Sources</Filter>
    </ClInclude>
    <ClInclude Include="Singleton.h">
      <Filter>03. New Sources</Filter>
    </ClInclude>
    <ClInclude Include="SList.h">
      <Filter>03. New Sources</Filter>
    </ClInclude>
    <ClInclude Include="SmartGameObj.h">
      <Filter>03. New Sources</Filter>
    </ClInclude>
    <ClInclude Include="SmartGameObjDef.h">
      <Filter>03. New Sources</Filter>
    </ClInclude>
    <ClInclude Include="SoldierGameObj.h">
      <Filter>03. New Sources</Filter>
    </ClInclude>
    <ClInclude Include="SoldierGameObjDef.h">
      <Filter>03. New Sources</Filter>
    </ClInclude>
    <ClInclude Include="SphereClass.h">
      <Filter>03. New Sources</Filter>
    </ClInclude>
    <ClInclude Include="Standard.h">
      <Filter>03. New Sources</Filter>
    </ClInclude>
    <ClInclude Include="StaticAnimPhysClass.h">
      <Filter>03. New Sources</Filter>
    </ClInclude>
    <ClInclude Include="StealthEffectClass.h">
      <Filter>03. New Sources</Filter>
    </ClInclude>
    <ClInclude Include="TDBCategoryClass.h">
      <Filter>03. New Sources</Filter>
    </ClInclude>
    <ClInclude Include="TDBObjClass.h">
      <Filter>03. New Sources</Filter>
    </ClInclude>
    <ClInclude Include="ThreadClass.h">
      <Filter>03. New Sources</Filter>
    </ClInclude>
    <ClInclude Include="TranslateDBClass.h">
      <Filter>03. New Sources</Filter>
    </ClInclude>
    <ClInclude Include="Types.h">
      <Filter>03. New Sources</Filter>
    </ClInclude>
    <ClInclude Include="UndergroundEffectClass.h">
      <Filter>03. New Sources</Filter>
    </ClInclude>
    <ClInclude Include="vector2.h">
      <Filter>03. New Sources</Filter>
    </ClInclude>
    <ClInclude Include="Vector3.h">
      <Filter>03. New Sources</Filter>
    </ClInclude>
    <ClInclude Include="vector4.h">
      <Filter>03. New Sources</Filter>
    </ClInclude>
    <ClInclude Include="VehicleFactoryGameObj.h">
      <Filter>03. New Sources</Filter>
    </ClInclude>
    <ClInclude Include="VehicleFactoryGameObjDef.h">
      <Filter>03. New Sources</Filter>
    </ClInclude>
    <ClInclude Include="VehicleGameObj.h">
      <Filter>03. New Sources</Filter>
    </ClInclude>
    <ClInclude Include="VehicleGameObjDef.h">
      <Filter>03. New Sources</Filter>
    </ClInclude>
    <ClInclude Include="wwmath.h">
      <Filter>03. New Sources</Filter>
    </ClInclude>
    <ClInclude Include="gmgame.h">
      <Filter>SSGM</Filter>
    </ClInclude>
    <ClInclude Include="gmbuilding.h">
      <Filter>SSGM</Filter>
    </ClInclude>
    <ClInclude Include="gmlog.h">
      <Filter>SSGM</Filter>
    </ClInclude>
    <ClInclude Include="gmsoldier.h">
      <Filter>SSGM</Filter>
    </ClInclude>
    <ClInclude Include="gmvehicle.h">
      <Filter>SSGM</Filter>
    </ClInclude>
    <ClInclude Include="gmplugin.h">
      <Filter>SSGM</Filter>
    </ClInclude>
    <ClInclude Include="ExtendedNetworkObject.h">
      <Filter>02. Headers</Filter>
    </ClInclude>
    <ClInclude Include="ConnectionAcceptanceFilter.h">
      <Filter>02. Headers</Filter>
    </ClInclude>
    <ClInclude Include="DefaultConnectionAcceptanceFilter.h">
      <Filter>02. Headers</Filter>
    </ClInclude>
    <ClInclude Include="ConnectionRequest.h">
      <Filter>02. Headers</Filter>
    </ClInclude>
    <ClInclude Include="TransitionInstanceClass.h">
      <Filter>03. New Sources</Filter>
    </ClInclude>
    <ClInclude Include="AABTreeCull.h">
      <Filter>03. New Sources</Filter>
    </ClInclude>
    <ClInclude Include="AAPlaneClass.h">
      <Filter>03. New Sources</Filter>
    </ClInclude>
    <ClInclude Include="ArmorWarheadManager.h">
      <Filter>03. New Sources</Filter>
    </ClInclude>
    <ClInclude Include="AudibleSoundClass.h">
      <Filter>03. New Sources</Filter>
    </ClInclude>
    <ClInclude Include="AudibleSoundDefinitionClass.h">
      <Filter>03. New Sources</Filter>
    </ClInclude>
    <ClInclude Include="AudioCallbackListClass.h">
      <Filter>03. New Sources</Filter>
    </ClInclude>
    <ClInclude Include="BufferedFileClass.h">
      <Filter>03. New Sources</Filter>
    </ClInclude>
    <ClInclude Include="coltest.h">
      <Filter>03. New Sources</Filter>
    </ClInclude>
    <ClInclude Include="coltype.h">
      <Filter>03. New Sources</Filter>
    </ClInclude>
    <ClInclude Include="CombatManager.h">
      <Filter>03. New Sources</Filter>
    </ClInclude>
    <ClInclude Include="CullSystemClass.h">
      <Filter>03. New Sources</Filter>
    </ClInclude>
    <ClInclude Include="DefinitionFactoryClass.h">
      <Filter>03. New Sources</Filter>
    </ClInclude>
    <ClInclude Include="DefinitionFactoryMgrClass.h">
      <Filter>03. New Sources</Filter>
    </ClInclude>
    <ClInclude Include="DefinitionMgrClass.h">
      <Filter>03. New Sources</Filter>
    </ClInclude>
    <ClInclude Include="DynamicPhysClass.h">
      <Filter>03. New Sources</Filter>
    </ClInclude>
    <ClInclude Include="DynamicPhysDefClass.h">
      <Filter>03. New Sources</Filter>
    </ClInclude>
    <ClInclude Include="DynamicShadowManager.h">
      <Filter>03. New Sources</Filter>
    </ClInclude>
    <ClInclude Include="FileFactoryListClass.h">
      <Filter>03. New Sources</Filter>
    </ClInclude>
    <ClInclude Include="FrustumClass.h">
      <Filter>03. New Sources</Filter>
    </ClInclude>
    <ClInclude Include="GridCull.h">
      <Filter>03. New Sources</Filter>
    </ClInclude>
    <ClInclude Include="inttest.h">
      <Filter>03. New Sources</Filter>
    </ClInclude>
    <ClInclude Include="MixFileFactoryClass.h">
      <Filter>03. New Sources</Filter>
    </ClInclude>
    <ClInclude Include="MoveablePhysDefClass.h">
      <Filter>03. New Sources</Filter>
    </ClInclude>
    <ClInclude Include="PersistFactoryClass.h">
      <Filter>03. New Sources</Filter>
    </ClInclude>
    <ClInclude Include="PhysDefClass.h">
      <Filter>03. New Sources</Filter>
    </ClInclude>
    <ClInclude Include="PhysicsSceneClass.h">
      <Filter>03. New Sources</Filter>
    </ClInclude>
    <ClInclude Include="physinttest.h">
      <Filter>03. New Sources</Filter>
    </ClInclude>
    <ClInclude Include="PointerRemapClass.h">
      <Filter>03. New Sources</Filter>
    </ClInclude>
    <ClInclude Include="prototypeclass.h">
      <Filter>03. New Sources</Filter>
    </ClInclude>
    <ClInclude Include="Quaternion.h">
      <Filter>03. New Sources</Filter>
    </ClInclude>
    <ClInclude Include="Random2Class.h">
      <Filter>03. New Sources</Filter>
    </ClInclude>
    <ClInclude Include="RawFileClass.h">
      <Filter>03. New Sources</Filter>
    </ClInclude>
    <ClInclude Include="SaveLoadSubSystemClass.h">
      <Filter>03. New Sources</Filter>
    </ClInclude>
    <ClInclude Include="SaveLoadSystemClass.h">
      <Filter>03. New Sources</Filter>
    </ClInclude>
    <ClInclude Include="SceneClass.h">
      <Filter>03. New Sources</Filter>
    </ClInclude>
    <ClInclude Include="SimpleDefinitionFactoryClass.h">
      <Filter>03. New Sources</Filter>
    </ClInclude>
    <ClInclude Include="SimpleFileFactoryClass.h">
      <Filter>03. New Sources</Filter>
    </ClInclude>
    <ClInclude Include="SimplePersistFactoryClass.h">
      <Filter>03. New Sources</Filter>
    </ClInclude>
    <ClInclude Include="Sound3DClass.h">
      <Filter>03. New Sources</Filter>
    </ClInclude>
    <ClInclude Include="SoundBufferClass.h">
      <Filter>03. New Sources</Filter>
    </ClInclude>
    <ClInclude Include="SoundSceneObjClass.h">
      <Filter>03. New Sources</Filter>
    </ClInclude>
    <ClInclude Include="StaticPhysClass.h">
      <Filter>03. New Sources</Filter>
    </ClInclude>
    <ClInclude Include="straw.h">
      <Filter>03. New Sources</Filter>
    </ClInclude>
    <ClInclude Include="TwiddlerClass.h">
      <Filter>03. New Sources</Filter>
    </ClInclude>
    <ClInclude Include="VisTableMgrClass.h">
      <Filter>03. New Sources</Filter>
    </ClInclude>
    <ClInclude Include="w3d.h">
      <Filter>03. New Sources</Filter>
    </ClInclude>
    <ClInclude Include="WeaponManager.h">
      <Filter>03. New Sources</Filter>
    </ClInclude>
    <ClInclude Include="WidgetUserClass.h">
      <Filter>03. New Sources</Filter>
    </ClInclude>
    <ClInclude Include="WWAudioClass.h">
      <Filter>03. New Sources</Filter>
    </ClInclude>
    <ClInclude Include="GameDefinition.h">
      <Filter>02. Headers</Filter>
    </ClInclude>
    <ClInclude Include="Observee.h">
      <Filter>02. Headers</Filter>
    </ClInclude>
    <ClInclude Include="AirStripGameObjDef.h">
      <Filter>02. Headers</Filter>
    </ClInclude>
    <ClInclude Include="ComCenterGameObj.h">
      <Filter>02. Headers</Filter>
    </ClInclude>
    <ClInclude Include="ComCenterGameObjDef.h">
      <Filter>02. Headers</Filter>
    </ClInclude>
    <ClInclude Include="AirStripGameObj.h">
      <Filter>02. Headers</Filter>
    </ClInclude>
    <ClInclude Include="WarFactoryGameObjDef.h">
      <Filter>02. Headers</Filter>
    </ClInclude>
    <ClInclude Include="SoldierFactoryGameObj.h">
      <Filter>02. Headers</Filter>
    </ClInclude>
    <ClInclude Include="SoldierFactoryGameObjDef.h">
      <Filter>02. Headers</Filter>
    </ClInclude>
    <ClInclude Include="WarFactoryGameObj.h">
      <Filter>02. Headers</Filter>
    </ClInclude>
    <ClInclude Include="RepairBayGameObjDef.h">
      <Filter>02. Headers</Filter>
    </ClInclude>
    <ClInclude Include="SamSiteGameObj.h">
      <Filter>02. Headers</Filter>
    </ClInclude>
    <ClInclude Include="SamSiteGameObjDef.h">
      <Filter>02. Headers</Filter>
    </ClInclude>
    <ClInclude Include="PowerPlantGameObj.h">
      <Filter>02. Headers</Filter>
    </ClInclude>
    <ClInclude Include="PowerPlantGameObjDef.h">
      <Filter>02. Headers</Filter>
    </ClInclude>
    <ClInclude Include="RepairBayGameObj.h">
      <Filter>02. Headers</Filter>
    </ClInclude>
    <ClInclude Include="AirFactoryGameObjDef.h">
      <Filter>02. Headers</Filter>
    </ClInclude>
    <ClInclude Include="AirFactoryGameObj.h">
      <Filter>02. Headers</Filter>
    </ClInclude>
    <ClInclude Include="CommandLineParser.h">
      <Filter>03. New Sources</Filter>
    </ClInclude>
    <ClInclude Include="HarvesterClass.h">
      <Filter>03. New Sources</Filter>
    </ClInclude>
    <ClInclude Include="iran_scripts.h">
      <Filter>02. Headers</Filter>
    </ClInclude>
    <ClInclude Include="NavalFactoryGameObjDef.h">
      <Filter>03. New Sources</Filter>
    </ClInclude>
    <ClInclude Include="NavalFactoryGameObj.h">
      <Filter>03. New Sources</Filter>
    </ClInclude>
    <ClInclude Include="SCAnnouncement.h">
      <Filter>02. Headers</Filter>
    </ClInclude>
    <ClInclude Include="cNetEvent.h">
      <Filter>02. Headers</Filter>
    </ClInclude>
    <ClInclude Include="cScTextObj.h">
      <Filter>02. Headers</Filter>
    </ClInclude>
    <ClInclude Include="LoopedAnimationController.h">
      <Filter>02. Headers</Filter>
    </ClInclude>
    <ClInclude Include="cTeam.h">
      <Filter>03. New Sources</Filter>
    </ClInclude>
    <ClInclude Include="xpert.h">
      <Filter>01. Sources</Filter>
    </ClInclude>
    <ClInclude Include="Random3Class.h">
      <Filter>03. New Sources</Filter>
    </ClInclude>
    <ClInclude Include="SuperweaponGameObjDef.h">
      <Filter>02. Headers</Filter>
    </ClInclude>
    <ClInclude Include="SuperweaponGameObj.h">
      <Filter>02. Headers</Filter>
    </ClInclude>
    <ClInclude Include="BuildingAggregateDefClass.h">
      <Filter>03. New Sources</Filter>
    </ClInclude>
    <ClInclude Include="StaticAnimPhysDefClass.h">
      <Filter>03. New Sources</Filter>
    </ClInclude>
    <ClInclude Include="StaticPhysDefClass.h">
      <Filter>03. New Sources</Filter>
    </ClInclude>
    <ClInclude Include="VisTableClass.h">
      <Filter>02. Headers</Filter>
    </ClInclude>
    <ClInclude Include="audiocallback.h">
      <Filter>02. Headers</Filter>
    </ClInclude>
    <ClInclude Include="boxrenderobjclass.h">
      <Filter>03. New Sources</Filter>
    </ClInclude>
    <ClInclude Include="jmgBearHunter.h">
      <Filter>02. Headers</Filter>
    </ClInclude>
    <ClInclude Include="JmgDeathMatch.h">
      <Filter>02. Headers</Filter>
    </ClInclude>
    <ClInclude Include="jmgMetroid.h">
      <Filter>02. Headers</Filter>
    </ClInclude>
    <ClInclude Include="jmgUtility.h">
      <Filter>02. Headers</Filter>
    </ClInclude>
    <ClInclude Include="JMGRenetBuster.h">
      <Filter>02. Headers</Filter>
    </ClInclude>
    <ClInclude Include="ConversationClass.h">
      <Filter>02. Headers</Filter>
    </ClInclude>
  </ItemGroup>
  <ItemGroup>
    <None Include="documentation\cinematics.dox">
      <Filter>Documentation</Filter>
    </None>
    <None Include="Doxyfile">
      <Filter>Documentation</Filter>
    </None>
    <None Include="documentation\groups.dox">
      <Filter>Documentation</Filter>
    </None>
    <None Include="documentation\hudini.dox">
      <Filter>Documentation</Filter>
    </None>
    <None Include="documentation\keyhooks.dox">
      <Filter>Documentation</Filter>
    </None>
    <None Include="keys.txt">
      <Filter>Documentation</Filter>
    </None>
    <None Include="documentation\ttini.dox">
      <Filter>Documentation</Filter>
    </None>
    <None Include="documentation\Tutorials.dox">
      <Filter>Documentation</Filter>
    </None>
    <None Include="documentation\ConstructionYard.dox">
      <Filter>Documentation\Tutorials</Filter>
    </None>
  </ItemGroup>
</Project>