Microsoft Visual Studio Solution File, Format Version 12.00
# Visual Studio 15
VisualStudioVersion = 15.0.26730.12
MinimumVisualStudioVersion = 10.0.40219.1
Project("{8BC9CEB8-8B4A-11D0-8D11-00A0C91BC942}") = "scripts", "scripts\scripts.vcxproj", "{9B549C98-0BF4-4092-AE2A-AD7F780F8405}"
EndProject
Project("{8BC9CEB8-8B4A-11D0-8D11-00A0C91BC942}") = "MemoryManager", "MemoryManager\MemoryManager.vcxproj", "{2FEF1C76-9E4A-4921-B2D3-E536DA918810}"
EndProject
Project("{8BC9CEB8-8B4A-11D0-8D11-00A0C91BC942}") = "Single Player Scripts", "Single Player Scripts\Single Player Scripts.vcxproj", "{F92D70BB-3091-41A9-801C-884E239C1263}"
EndProject
Project("{8BC9CEB8-8B4A-11D0-8D11-00A0C91BC942}") = "shared", "shared\shared.vcxproj", "{6636E311-E860-4F52-9D23-FE38E38D6020}"
EndProject
Project("{8BC9CEB8-8B4A-11D0-8D11-00A0C91BC942}") = "TestPlugin", "test-plugin\TestPlugin.vcxproj", "{A9DC5B8D-1EAC-4594-B36A-7E2DEA898951}"
EndProject
Project("{FAE04EC0-301F-11D3-BF4B-00C04F79EFBC}") = "ScriptUsageFinder", "ScriptUsageFinder\ScriptUsageFinder.csproj", "{CF980658-88A1-4997-A8FF-FC6E9688C7DE}"
EndProject
Project("{FAE04EC0-301F-11D3-BF4B-00C04F79EFBC}") = "HexToFloat", "HexToFloat\HexToFloat.csproj", "{B59E43CB-51F1-4809-B8BF-B4B216B005E0}"
EndProject
Global
	GlobalSection(SolutionConfigurationPlatforms) = preSolution
		Debug SSGM|Any CPU = Debug SSGM|Any CPU
		Debug SSGM|Win32 = Debug SSGM|Win32
		Debug|Any CPU = Debug|Any CPU
		Debug|Win32 = Debug|Win32
		Release SSGM|Any CPU = Release SSGM|Any CPU
		Release SSGM|Win32 = Release SSGM|Win32
		Release|Any CPU = Release|Any CPU
		Release|Win32 = Release|Win32
	EndGlobalSection
	GlobalSection(ProjectConfigurationPlatforms) = postSolution
		{9B549C98-0BF4-4092-AE2A-AD7F780F8405}.Debug SSGM|Any CPU.ActiveCfg = Debug SSGM|Win32
		{9B549C98-0BF4-4092-AE2A-AD7F780F8405}.Debug SSGM|Win32.ActiveCfg = Debug SSGM|Win32
		{9B549C98-0BF4-4092-AE2A-AD7F780F8405}.Debug|Any CPU.ActiveCfg = Debug|Win32
		{9B549C98-0BF4-4092-AE2A-AD7F780F8405}.Debug|Win32.ActiveCfg = Debug|Win32
		{9B549C98-0BF4-4092-AE2A-AD7F780F8405}.Debug|Win32.Build.0 = Debug|Win32
		{9B549C98-0BF4-4092-AE2A-AD7F780F8405}.Release SSGM|Any CPU.ActiveCfg = Release SSGM|Win32
		{9B549C98-0BF4-4092-AE2A-AD7F780F8405}.Release SSGM|Win32.ActiveCfg = Release SSGM|Win32
		{9B549C98-0BF4-4092-AE2A-AD7F780F8405}.Release SSGM|Win32.Build.0 = Release SSGM|Win32
		{9B549C98-0BF4-4092-AE2A-AD7F780F8405}.Release|Any CPU.ActiveCfg = Release|Win32
		{9B549C98-0BF4-4092-AE2A-AD7F780F8405}.Release|Win32.ActiveCfg = Release|Win32
		{9B549C98-0BF4-4092-AE2A-AD7F780F8405}.Release|Win32.Build.0 = Release|Win32
		{2FEF1C76-9E4A-4921-B2D3-E536DA918810}.Debug SSGM|Any CPU.ActiveCfg = Release|x64
		{2FEF1C76-9E4A-4921-B2D3-E536DA918810}.Debug SSGM|Any CPU.Build.0 = Release|x64
		{2FEF1C76-9E4A-4921-B2D3-E536DA918810}.Debug SSGM|Any CPU.Deploy.0 = Release|x64
		{2FEF1C76-9E4A-4921-B2D3-E536DA918810}.Debug SSGM|Win32.ActiveCfg = Debug|Win32
		{2FEF1C76-9E4A-4921-B2D3-E536DA918810}.Debug|Any CPU.ActiveCfg = Debug|Win32
		{2FEF1C76-9E4A-4921-B2D3-E536DA918810}.Debug|Win32.ActiveCfg = Debug|Win32
		{2FEF1C76-9E4A-4921-B2D3-E536DA918810}.Debug|Win32.Build.0 = Debug|Win32
		{2FEF1C76-9E4A-4921-B2D3-E536DA918810}.Release SSGM|Any CPU.ActiveCfg = Release|x64
		{2FEF1C76-9E4A-4921-B2D3-E536DA918810}.Release SSGM|Any CPU.Build.0 = Release|x64
		{2FEF1C76-9E4A-4921-B2D3-E536DA918810}.Release SSGM|Any CPU.Deploy.0 = Release|x64
		{2FEF1C76-9E4A-4921-B2D3-E536DA918810}.Release SSGM|Win32.ActiveCfg = Release|Win32
		{2FEF1C76-9E4A-4921-B2D3-E536DA918810}.Release SSGM|Win32.Build.0 = Release|Win32
		{2FEF1C76-9E4A-4921-B2D3-E536DA918810}.Release|Any CPU.ActiveCfg = Release|Win32
		{2FEF1C76-9E4A-4921-B2D3-E536DA918810}.Release|Win32.ActiveCfg = Release|Win32
		{2FEF1C76-9E4A-4921-B2D3-E536DA918810}.Release|Win32.Build.0 = Release|Win32
		{F92D70BB-3091-41A9-801C-884E239C1263}.Debug SSGM|Any CPU.ActiveCfg = Debug SSGM|Win32
		{F92D70BB-3091-41A9-801C-884E239C1263}.Debug SSGM|Win32.ActiveCfg = Debug SSGM|Win32
		{F92D70BB-3091-41A9-801C-884E239C1263}.Debug SSGM|Win32.Build.0 = Debug SSGM|Win32
		{F92D70BB-3091-41A9-801C-884E239C1263}.Debug|Any CPU.ActiveCfg = Release SSGM|Win32
		{F92D70BB-3091-41A9-801C-884E239C1263}.Debug|Any CPU.Build.0 = Release SSGM|Win32
		{F92D70BB-3091-41A9-801C-884E239C1263}.Debug|Win32.ActiveCfg = Debug SSGM|Win32
		{F92D70BB-3091-41A9-801C-884E239C1263}.Release SSGM|Any CPU.ActiveCfg = Release SSGM|Win32
		{F92D70BB-3091-41A9-801C-884E239C1263}.Release SSGM|Win32.ActiveCfg = Release SSGM|Win32
		{F92D70BB-3091-41A9-801C-884E239C1263}.Release SSGM|Win32.Build.0 = Release SSGM|Win32
		{F92D70BB-3091-41A9-801C-884E239C1263}.Release|Any CPU.ActiveCfg = Release SSGM|Win32
		{F92D70BB-3091-41A9-801C-884E239C1263}.Release|Any CPU.Build.0 = Release SSGM|Win32
		{F92D70BB-3091-41A9-801C-884E239C1263}.Release|Win32.ActiveCfg = Release SSGM|Win32
		{6636E311-E860-4F52-9D23-FE38E38D6020}.Debug SSGM|Any CPU.ActiveCfg = Release|Win32
		{6636E311-E860-4F52-9D23-FE38E38D6020}.Debug SSGM|Any CPU.Build.0 = Release|Win32
		{6636E311-E860-4F52-9D23-FE38E38D6020}.Debug SSGM|Any CPU.Deploy.0 = Release|Win32
		{6636E311-E860-4F52-9D23-FE38E38D6020}.Debug SSGM|Win32.ActiveCfg = Debug|Win32
		{6636E311-E860-4F52-9D23-FE38E38D6020}.Debug|Any CPU.ActiveCfg = Debug|Win32
		{6636E311-E860-4F52-9D23-FE38E38D6020}.Debug|Win32.ActiveCfg = Debug|Win32
		{6636E311-E860-4F52-9D23-FE38E38D6020}.Debug|Win32.Build.0 = Debug|Win32
		{6636E311-E860-4F52-9D23-FE38E38D6020}.Release SSGM|Any CPU.ActiveCfg = Release|Win32
		{6636E311-E860-4F52-9D23-FE38E38D6020}.Release SSGM|Any CPU.Build.0 = Release|Win32
		{6636E311-E860-4F52-9D23-FE38E38D6020}.Release SSGM|Any CPU.Deploy.0 = Release|Win32
		{6636E311-E860-4F52-9D23-FE38E38D6020}.Release SSGM|Win32.ActiveCfg = Release|Win32
		{6636E311-E860-4F52-9D23-FE38E38D6020}.Release SSGM|Win32.Build.0 = Release|Win32
		{6636E311-E860-4F52-9D23-FE38E38D6020}.Release|Any CPU.ActiveCfg = Release|Win32
		{6636E311-E860-4F52-9D23-FE38E38D6020}.Release|Win32.ActiveCfg = Release|Win32
		{6636E311-E860-4F52-9D23-FE38E38D6020}.Release|Win32.Build.0 = Release|Win32
		{A9DC5B8D-1EAC-4594-B36A-7E2DEA898951}.Debug SSGM|Any CPU.ActiveCfg = Debug SSGM|Win32
		{A9DC5B8D-1EAC-4594-B36A-7E2DEA898951}.Debug SSGM|Win32.ActiveCfg = Debug SSGM|Win32
		{A9DC5B8D-1EAC-4594-B36A-7E2DEA898951}.Debug|Any CPU.ActiveCfg = Release SSGM|Win32
		{A9DC5B8D-1EAC-4594-B36A-7E2DEA898951}.Debug|Any CPU.Build.0 = Release SSGM|Win32
		{A9DC5B8D-1EAC-4594-B36A-7E2DEA898951}.Debug|Any CPU.Deploy.0 = Release SSGM|Win32
		{A9DC5B8D-1EAC-4594-B36A-7E2DEA898951}.Debug|Win32.ActiveCfg = Debug SSGM|Win32
		{A9DC5B8D-1EAC-4594-B36A-7E2DEA898951}.Debug|Win32.Build.0 = Debug SSGM|Win32
		{A9DC5B8D-1EAC-4594-B36A-7E2DEA898951}.Release SSGM|Any CPU.ActiveCfg = Release SSGM|Win32
		{A9DC5B8D-1EAC-4594-B36A-7E2DEA898951}.Release SSGM|Win32.ActiveCfg = Release SSGM|Win32
		{A9DC5B8D-1EAC-4594-B36A-7E2DEA898951}.Release SSGM|Win32.Build.0 = Release SSGM|Win32
		{A9DC5B8D-1EAC-4594-B36A-7E2DEA898951}.Release|Any CPU.ActiveCfg = Release SSGM|Win32
		{A9DC5B8D-1EAC-4594-B36A-7E2DEA898951}.Release|Any CPU.Build.0 = Release SSGM|Win32
		{A9DC5B8D-1EAC-4594-B36A-7E2DEA898951}.Release|Any CPU.Deploy.0 = Release SSGM|Win32
		{A9DC5B8D-1EAC-4594-B36A-7E2DEA898951}.Release|Win32.ActiveCfg = Release SSGM|Win32
		{A9DC5B8D-1EAC-4594-B36A-7E2DEA898951}.Release|Win32.Build.0 = Release SSGM|Win32
		{CF980658-88A1-4997-A8FF-FC6E9688C7DE}.Debug SSGM|Any CPU.ActiveCfg = Debug|Any CPU
		{CF980658-88A1-4997-A8FF-FC6E9688C7DE}.Debug SSGM|Any CPU.Build.0 = Debug|Any CPU
		{CF980658-88A1-4997-A8FF-FC6E9688C7DE}.Debug SSGM|Win32.ActiveCfg = Debug|Any CPU
		{CF980658-88A1-4997-A8FF-FC6E9688C7DE}.Debug|Any CPU.ActiveCfg = Debug|Any CPU
		{CF980658-88A1-4997-A8FF-FC6E9688C7DE}.Debug|Any CPU.Build.0 = Debug|Any CPU
		{CF980658-88A1-4997-A8FF-FC6E9688C7DE}.Debug|Win32.ActiveCfg = Debug|Any CPU
		{CF980658-88A1-4997-A8FF-FC6E9688C7DE}.Debug|Win32.Build.0 = Debug|Any CPU
		{CF980658-88A1-4997-A8FF-FC6E9688C7DE}.Release SSGM|Any CPU.ActiveCfg = Release|Any CPU
		{CF980658-88A1-4997-A8FF-FC6E9688C7DE}.Release SSGM|Any CPU.Build.0 = Release|Any CPU
		{CF980658-88A1-4997-A8FF-FC6E9688C7DE}.Release SSGM|Win32.ActiveCfg = Release|Any CPU
		{CF980658-88A1-4997-A8FF-FC6E9688C7DE}.Release SSGM|Win32.Build.0 = Release|Any CPU
		{CF980658-88A1-4997-A8FF-FC6E9688C7DE}.Release|Any CPU.ActiveCfg = Release|Any CPU
		{CF980658-88A1-4997-A8FF-FC6E9688C7DE}.Release|Any CPU.Build.0 = Release|Any CPU
		{CF980658-88A1-4997-A8FF-FC6E9688C7DE}.Release|Win32.ActiveCfg = Release|Any CPU
		{CF980658-88A1-4997-A8FF-FC6E9688C7DE}.Release|Win32.Build.0 = Release|Any CPU
		{B59E43CB-51F1-4809-B8BF-B4B216B005E0}.Debug SSGM|Any CPU.ActiveCfg = Debug|Any CPU
		{B59E43CB-51F1-4809-B8BF-B4B216B005E0}.Debug SSGM|Any CPU.Build.0 = Debug|Any CPU
		{B59E43CB-51F1-4809-B8BF-B4B216B005E0}.Debug SSGM|Win32.ActiveCfg = Debug|Any CPU
		{B59E43CB-51F1-4809-B8BF-B4B216B005E0}.Debug|Any CPU.ActiveCfg = Debug|Any CPU
		{B59E43CB-51F1-4809-B8BF-B4B216B005E0}.Debug|Any CPU.Build.0 = Debug|Any CPU
		{B59E43CB-51F1-4809-B8BF-B4B216B005E0}.Debug|Win32.ActiveCfg = Debug|Any CPU
		{B59E43CB-51F1-4809-B8BF-B4B216B005E0}.Debug|Win32.Build.0 = Debug|Any CPU
		{B59E43CB-51F1-4809-B8BF-B4B216B005E0}.Release SSGM|Any CPU.ActiveCfg = Release|Any CPU
		{B59E43CB-51F1-4809-B8BF-B4B216B005E0}.Release SSGM|Any CPU.Build.0 = Release|Any CPU
		{B59E43CB-51F1-4809-B8BF-B4B216B005E0}.Release SSGM|Win32.ActiveCfg = Release|Any CPU
		{B59E43CB-51F1-4809-B8BF-B4B216B005E0}.Release SSGM|Win32.Build.0 = Release|Any CPU
		{B59E43CB-51F1-4809-B8BF-B4B216B005E0}.Release|Any CPU.ActiveCfg = Release|Any CPU
		{B59E43CB-51F1-4809-B8BF-B4B216B005E0}.Release|Any CPU.Build.0 = Release|Any CPU
		{B59E43CB-51F1-4809-B8BF-B4B216B005E0}.Release|Win32.ActiveCfg = Release|Any CPU
		{B59E43CB-51F1-4809-B8BF-B4B216B005E0}.Release|Win32.Build.0 = Release|Any CPU
	EndGlobalSection
	GlobalSection(SolutionProperties) = preSolution
		HideSolutionNode = FALSE
	EndGlobalSection
	GlobalSection(ExtensibilityGlobals) = postSolution
		SolutionGuid = {EAD51650-C234-4767-B696-BA79364EC016}
	EndGlobalSection
EndGlobal
