<?xml version="1.0" encoding="utf-8"?>
<Project ToolsVersion="4.0" xmlns="http://schemas.microsoft.com/developer/msbuild/2003">
  <ItemGroup>
    <Filter Include="Source Files">
      <UniqueIdentifier>{4FC737F1-C7A5-4376-A066-2A32D752A2FF}</UniqueIdentifier>
      <Extensions>cpp;c;cc;cxx;def;odl;idl;hpj;bat;asm;asmx</Extensions>
    </Filter>
    <Filter Include="Header Files">
      <UniqueIdentifier>{93995380-89BD-4b04-88EB-625FBE52EBFB}</UniqueIdentifier>
      <Extensions>h;hpp;hxx;hm;inl;inc;xsd</Extensions>
    </Filter>
    <Filter Include="Resource Files">
      <UniqueIdentifier>{67DA6AB6-F800-4c08-8B7A-83BB121AAD01}</UniqueIdentifier>
      <Extensions>rc;ico;cur;bmp;dlg;rc2;rct;bin;rgs;gif;jpg;jpeg;jpe;resx;tiff;tif;png;wav;mfcribbon-ms</Extensions>
    </Filter>
    <Filter Include="Header Files\Misc">
      <UniqueIdentifier>{b07c17d8-cdf4-4344-b4b5-80e0376152ad}</UniqueIdentifier>
    </Filter>
    <Filter Include="Source Files\Misc">
      <UniqueIdentifier>{c84202e0-d717-4912-9deb-0435bcd0e2f4}</UniqueIdentifier>
    </Filter>
    <Filter Include="Header Files\M00">
      <UniqueIdentifier>{a31b1a34-b9b1-40fd-a400-67efb48d031a}</UniqueIdentifier>
    </Filter>
    <Filter Include="Source Files\M00">
      <UniqueIdentifier>{71dce127-cb1e-413b-bb85-9c3f659d51f7}</UniqueIdentifier>
    </Filter>
    <Filter Include="Header Files\MX0">
      <UniqueIdentifier>{4b9c9023-3d4a-4cc7-8aa1-d390a0a042e7}</UniqueIdentifier>
    </Filter>
    <Filter Include="Source Files\MX0">
      <UniqueIdentifier>{1dc7a9cd-8069-4550-ba88-1f7456936d09}</UniqueIdentifier>
    </Filter>
    <Filter Include="Header Files\M08">
      <UniqueIdentifier>{ae01b741-a99b-40b3-8698-2f8d847e04f6}</UniqueIdentifier>
    </Filter>
    <Filter Include="Source Files\M08">
      <UniqueIdentifier>{afa29a12-af6e-4737-a54d-0389929617b9}</UniqueIdentifier>
    </Filter>
    <Filter Include="Header Files\M03">
      <UniqueIdentifier>{f30c138c-c403-455b-8f1d-40ef2d59ceda}</UniqueIdentifier>
    </Filter>
    <Filter Include="Source Files\M03">
      <UniqueIdentifier>{9443995c-59bb-4b2e-b166-bdcd76800db5}</UniqueIdentifier>
    </Filter>
    <Filter Include="Header Files\M01">
      <UniqueIdentifier>{b169dfe7-27db-4966-a4b2-abaf5a3ba25d}</UniqueIdentifier>
    </Filter>
    <Filter Include="Source Files\M01">
      <UniqueIdentifier>{4a135601-cb9e-41c4-9e20-7d1c6f56c7a7}</UniqueIdentifier>
    </Filter>
    <Filter Include="Resource Files\Cinematic Files">
      <UniqueIdentifier>{041b1359-5286-4089-92eb-436649e03d33}</UniqueIdentifier>
    </Filter>
    <Filter Include="Resource Files\Cinematic Files\M13">
      <UniqueIdentifier>{a0f3b80a-d7ac-470f-9069-d26b76ff532d}</UniqueIdentifier>
    </Filter>
    <Filter Include="Header Files\M02">
      <UniqueIdentifier>{93b465a4-e41e-422a-aade-1bf698289502}</UniqueIdentifier>
    </Filter>
    <Filter Include="Source Files\M02">
      <UniqueIdentifier>{35e81406-6a65-4488-badb-5ca2ace0303b}</UniqueIdentifier>
    </Filter>
    <Filter Include="Resource Files\Cinematic Files\M02">
      <UniqueIdentifier>{75d023d0-9784-421d-b314-79a6506a44dd}</UniqueIdentifier>
    </Filter>
    <Filter Include="Header Files\M07">
      <UniqueIdentifier>{6503e63f-c567-47a0-a690-65e3b24eeda9}</UniqueIdentifier>
    </Filter>
    <Filter Include="Source Files\M07">
      <UniqueIdentifier>{208ef067-f719-47da-9670-5b52c118b582}</UniqueIdentifier>
    </Filter>
    <Filter Include="Resource Files\Cinematic Files\M01">
      <UniqueIdentifier>{462727f4-1c67-4ca9-9988-9208b5f8bb3a}</UniqueIdentifier>
    </Filter>
  </ItemGroup>
  <ItemGroup>
    <ClCompile Include="General.cpp">
      <Filter>Source Files</Filter>
    </ClCompile>
    <ClCompile Include="SinglePlayerScripts.cpp">
      <Filter>Source Files</Filter>
    </ClCompile>
    <ClCompile Include="MX0_Engineer_Goto.cpp">
      <Filter>Source Files\MX0</Filter>
    </ClCompile>
    <ClCompile Include="MX0_MissionStart_DME.cpp">
      <Filter>Source Files\MX0</Filter>
    </ClCompile>
    <ClCompile Include="Havoc_Script.cpp">
      <Filter>Source Files\Misc</Filter>
    </ClCompile>
    <ClCompile Include="MX0_Engineer1.cpp">
      <Filter>Source Files\MX0</Filter>
    </ClCompile>
    <ClCompile Include="MX0_Engineer2.cpp">
      <Filter>Source Files\MX0</Filter>
    </ClCompile>
    <ClCompile Include="M00_Soldier_Powerup_Disable.cpp">
      <Filter>Source Files\M00</Filter>
    </ClCompile>
    <ClCompile Include="M00_Send_Object_ID.cpp">
      <Filter>Source Files\M00</Filter>
    </ClCompile>
    <ClCompile Include="MX0_SniperAction.cpp">
      <Filter>Source Files\MX0</Filter>
    </ClCompile>
    <ClCompile Include="MX0_KillNotify.cpp">
      <Filter>Source Files\MX0</Filter>
    </ClCompile>
    <ClCompile Include="MX0_NOD_TroopDrop.cpp">
      <Filter>Source Files\MX0</Filter>
    </ClCompile>
    <ClCompile Include="MX0_Engineer_Goto2.cpp">
      <Filter>Source Files\MX0</Filter>
    </ClCompile>
    <ClCompile Include="M00_BuildingStateSoundSpeaker.cpp">
      <Filter>Source Files\M00</Filter>
    </ClCompile>
    <ClCompile Include="M00_BuildingStateSoundController.cpp">
      <Filter>Source Files\M00</Filter>
    </ClCompile>
    <ClCompile Include="M00_Play_Sound.cpp">
      <Filter>Source Files\M00</Filter>
    </ClCompile>
    <ClCompile Include="MX0_A02_ZONE_STARTUP.cpp">
      <Filter>Source Files\MX0</Filter>
    </ClCompile>
    <ClCompile Include="M00_Cinematic_Attack_Command_DLS.cpp">
      <Filter>Source Files\M00</Filter>
    </ClCompile>
    <ClCompile Include="M00_Cinematic_Kill_Object_DAY.cpp">
      <Filter>Source Files\M00</Filter>
    </ClCompile>
    <ClCompile Include="M00_Disable_Loiter_DAY.cpp">
      <Filter>Source Files\M00</Filter>
    </ClCompile>
    <ClCompile Include="M00_Generic_Conv_DME.cpp">
      <Filter>Source Files\M00</Filter>
    </ClCompile>
    <ClCompile Include="MX0_A02_Controller.cpp">
      <Filter>Source Files\MX0</Filter>
    </ClCompile>
    <ClCompile Include="MX0_A02_ACTOR.cpp">
      <Filter>Source Files\MX0</Filter>
    </ClCompile>
    <ClCompile Include="MX0_A02_GDI_VEHICLE.cpp">
      <Filter>Source Files\MX0</Filter>
    </ClCompile>
    <ClCompile Include="MX0_A02_GDI_APC.cpp">
      <Filter>Source Files\MX0</Filter>
    </ClCompile>
    <ClCompile Include="MX0_A02_HELICOPTER.cpp">
      <Filter>Source Files\MX0</Filter>
    </ClCompile>
    <ClCompile Include="MX0_A02_GDI_MEDTANK.cpp">
      <Filter>Source Files\MX0</Filter>
    </ClCompile>
    <ClCompile Include="MX0_A03_CONTROLLER_DAK.cpp">
      <Filter>Source Files\MX0</Filter>
    </ClCompile>
    <ClCompile Include="M08_Petra_C_Helo.cpp">
      <Filter>Source Files\M08</Filter>
    </ClCompile>
    <ClCompile Include="M00_Damage_Modifier_DME.cpp">
      <Filter>Source Files\M00</Filter>
    </ClCompile>
    <ClCompile Include="MX0_A03_HUMVEE.cpp">
      <Filter>Source Files\MX0</Filter>
    </ClCompile>
    <ClCompile Include="MX0_GDI_Soldier_DLS.cpp">
      <Filter>Source Files\MX0</Filter>
    </ClCompile>
    <ClCompile Include="MX0_NOD_INFANTRY.cpp">
      <Filter>Source Files\MX0</Filter>
    </ClCompile>
    <ClCompile Include="MX0_GDI_ORCA.cpp">
      <Filter>Source Files\MX0</Filter>
    </ClCompile>
    <ClCompile Include="MX0_A03_TANK.cpp">
      <Filter>Source Files\MX0</Filter>
    </ClCompile>
    <ClCompile Include="MX0_A03_NOD_PLACED_MINIGUNNER.cpp">
      <Filter>Source Files\MX0</Filter>
    </ClCompile>
    <ClCompile Include="MX0_A03_END_ZONE.cpp">
      <Filter>Source Files\MX0</Filter>
    </ClCompile>
    <ClCompile Include="MX0_A03_NOD_HARVESTER.cpp">
      <Filter>Source Files\MX0</Filter>
    </ClCompile>
    <ClCompile Include="MX0_A03_NOD_BUGGIE.cpp">
      <Filter>Source Files\MX0</Filter>
    </ClCompile>
    <ClCompile Include="MX0_A03_NOD_TROOPER_TIB_DEATH.cpp">
      <Filter>Source Files\MX0</Filter>
    </ClCompile>
    <ClCompile Include="M00_Nod_Turret.cpp">
      <Filter>Source Files\M00</Filter>
    </ClCompile>
    <ClCompile Include="MX0_A03_NOD_TURRET.cpp">
      <Filter>Source Files\MX0</Filter>
    </ClCompile>
    <ClCompile Include="MX0_Area4_Controller_DLS.cpp">
      <Filter>Source Files\MX0</Filter>
    </ClCompile>
    <ClCompile Include="MX0_Area4_Zone_DLS.cpp">
      <Filter>Source Files\MX0</Filter>
    </ClCompile>
    <ClCompile Include="MX0_Nod_Bunker_DLS.cpp">
      <Filter>Source Files\MX0</Filter>
    </ClCompile>
    <ClCompile Include="M03_SAM_Site_Logic.cpp">
      <Filter>Source Files\M03</Filter>
    </ClCompile>
    <ClCompile Include="M01_Destroyed_SAMSITE_JDG.cpp">
      <Filter>Source Files\M01</Filter>
    </ClCompile>
    <ClCompile Include="M03_Destroyed_SAM_Site.cpp">
      <Filter>Source Files\M03</Filter>
    </ClCompile>
    <ClCompile Include="MX0_Vehicle_DLS.cpp">
      <Filter>Source Files\MX0</Filter>
    </ClCompile>
    <ClCompile Include="MX0_GDI_Killed_DLS.cpp">
      <Filter>Source Files\MX0</Filter>
    </ClCompile>
    <ClCompile Include="MX0_Explosive_Barrels_DLS.cpp">
      <Filter>Source Files\MX0</Filter>
    </ClCompile>
    <ClCompile Include="MX0_SAM_DLS.cpp">
      <Filter>Source Files\MX0</Filter>
    </ClCompile>
    <ClCompile Include="MX0_Nod_RocketSoldier_DLS.cpp">
      <Filter>Source Files\MX0</Filter>
    </ClCompile>
    <ClCompile Include="MX0_Gun_Emplacement_DLS.cpp">
      <Filter>Source Files\MX0</Filter>
    </ClCompile>
    <ClCompile Include="MX0_Obelisk_Weapon_DLS.cpp">
      <Filter>Source Files\MX0</Filter>
    </ClCompile>
    <ClCompile Include="MX0_Plant_Ion_Beacon_DLS.cpp">
      <Filter>Source Files\MX0</Filter>
    </ClCompile>
    <ClCompile Include="MX0_A03_GDI_TROOPER_ONE.cpp">
      <Filter>Source Files\MX0</Filter>
    </ClCompile>
    <ClCompile Include="MX0_A02_DEFAULT_OFF.cpp">
      <Filter>Source Files\MX0</Filter>
    </ClCompile>
    <ClCompile Include="MX0_A02_ZONE_DEFAULT_ON.cpp">
      <Filter>Source Files\MX0</Filter>
    </ClCompile>
    <ClCompile Include="MX0_A03_FIRST_PLAYER_ZONE.cpp">
      <Filter>Source Files\MX0</Filter>
    </ClCompile>
    <ClCompile Include="MX0_A03_GDI_TROOP_DROP_ZONE_DAK.cpp">
      <Filter>Source Files\MX0</Filter>
    </ClCompile>
    <ClCompile Include="MX0_A03_HAVOC_TANK.cpp">
      <Filter>Source Files\MX0</Filter>
    </ClCompile>
    <ClCompile Include="MX0_A03_TROOPER_ONE_TEST.cpp">
      <Filter>Source Files\MX0</Filter>
    </ClCompile>
    <ClCompile Include="MX0_A03_GDI_TANK_DROP_ZONE_DAK.cpp">
      <Filter>Source Files\MX0</Filter>
    </ClCompile>
    <ClCompile Include="DAK_MX0_Sec_3_Humvee.cpp">
      <Filter>Source Files\MX0</Filter>
    </ClCompile>
    <ClCompile Include="MX0_AmbientBattle.cpp">
      <Filter>Source Files\MX0</Filter>
    </ClCompile>
    <ClCompile Include="MX0_Kill_Sniper.cpp">
      <Filter>Source Files\MX0</Filter>
    </ClCompile>
    <ClCompile Include="MX0_Engineer_Return.cpp">
      <Filter>Source Files\MX0</Filter>
    </ClCompile>
    <ClCompile Include="M00_Soldier_Powerup_Grant.cpp">
      <Filter>Source Files\M00</Filter>
    </ClCompile>
    <ClCompile Include="M00_Powerup_Destroy.cpp">
      <Filter>Source Files\M00</Filter>
    </ClCompile>
    <ClCompile Include="M00_Disable_Transition.cpp">
      <Filter>Source Files\M00</Filter>
    </ClCompile>
    <ClCompile Include="M00_Play_Sound_Object_Bone_DAY.cpp">
      <Filter>Source Files\M00</Filter>
    </ClCompile>
    <ClCompile Include="M00_Disable_Physical_Collision_JDG.cpp">
      <Filter>Source Files\M00</Filter>
    </ClCompile>
    <ClCompile Include="M00_Vehicle_Regen_DAK.cpp">
      <Filter>Source Files\M00</Filter>
    </ClCompile>
    <ClCompile Include="M03_Goto_Star.cpp">
      <Filter>Source Files\M03</Filter>
    </ClCompile>
    <ClCompile Include="M02_Respawn_Controller.cpp">
      <Filter>Source Files\M02</Filter>
    </ClCompile>
    <ClCompile Include="M02_Objective_Controller.cpp">
      <Filter>Source Files\M02</Filter>
    </ClCompile>
    <ClCompile Include="M02_Objective_Zone.cpp">
      <Filter>Source Files\M02</Filter>
    </ClCompile>
    <ClCompile Include="M02_Nod_Apache.cpp">
      <Filter>Source Files\M02</Filter>
    </ClCompile>
    <ClCompile Include="M02_Nod_Jet_Waypath.cpp">
      <Filter>Source Files\M02</Filter>
    </ClCompile>
    <ClCompile Include="M02_Mendoza.cpp">
      <Filter>Source Files\M02</Filter>
    </ClCompile>
    <ClCompile Include="M02_Player_Vehicle.cpp">
      <Filter>Source Files\M02</Filter>
    </ClCompile>
    <ClCompile Include="M02_Nod_Jet.cpp">
      <Filter>Source Files\M02</Filter>
    </ClCompile>
    <ClCompile Include="M02_Nod_Vehicle.cpp">
      <Filter>Source Files\M02</Filter>
    </ClCompile>
    <ClCompile Include="M02_Nod_Sakura.cpp">
      <Filter>Source Files\M02</Filter>
    </ClCompile>
    <ClCompile Include="M02_GDI_Helicopter.cpp">
      <Filter>Source Files\M02</Filter>
    </ClCompile>
    <ClCompile Include="M02_Reset_Spawn.cpp">
      <Filter>Source Files\M02</Filter>
    </ClCompile>
    <ClCompile Include="M02_Destroy_Vehicle.cpp">
      <Filter>Source Files\M02</Filter>
    </ClCompile>
    <ClCompile Include="M02_Nod_Soldier.cpp">
      <Filter>Source Files\M02</Filter>
    </ClCompile>
    <ClCompile Include="M02_GDI_Soldier.cpp">
      <Filter>Source Files\M02</Filter>
    </ClCompile>
    <ClCompile Include="DLS_Where_Am_I.cpp">
      <Filter>Source Files\Misc</Filter>
    </ClCompile>
    <ClCompile Include="M07_Disable_Hibernation.cpp">
      <Filter>Source Files\M07</Filter>
    </ClCompile>
    <ClCompile Include="MX0_A03_GDI_INFANTRY.cpp">
      <Filter>Source Files\MX0</Filter>
    </ClCompile>
    <ClCompile Include="M02_Stationary_Vehicle.cpp">
      <Filter>Source Files\M02</Filter>
    </ClCompile>
    <ClCompile Include="M02_Helipad.cpp">
      <Filter>Source Files\M02</Filter>
    </ClCompile>
    <ClCompile Include="M02_Approach_Vehicle.cpp">
      <Filter>Source Files\M02</Filter>
    </ClCompile>
    <ClCompile Include="M01_Barn_Truck_JDG.cpp">
      <Filter>Source Files\M01</Filter>
    </ClCompile>
    <ClCompile Include="M02_Destroy_Objective.cpp">
      <Filter>Source Files\M02</Filter>
    </ClCompile>
    <ClCompile Include="M02_Nod_Convoy_Truck.cpp">
      <Filter>Source Files\M02</Filter>
    </ClCompile>
    <ClCompile Include="M02_Dam_MCT.cpp">
      <Filter>Source Files\M02</Filter>
    </ClCompile>
    <ClCompile Include="M02_Obelisk.cpp">
      <Filter>Source Files\M02</Filter>
    </ClCompile>
    <ClCompile Include="M02_Power_Plant.cpp">
      <Filter>Source Files\M02</Filter>
    </ClCompile>
    <ClCompile Include="M02_Encyclopedia_Reveal.cpp">
      <Filter>Source Files\M02</Filter>
    </ClCompile>
    <ClCompile Include="M02_Commando_Start.cpp">
      <Filter>Source Files\M02</Filter>
    </ClCompile>
    <ClCompile Include="M02_Data_Disk.cpp">
      <Filter>Source Files\M02</Filter>
    </ClCompile>
    <ClCompile Include="M01_First_AutoRifle_JDG.cpp">
      <Filter>Source Files\M01</Filter>
    </ClCompile>
    <ClCompile Include="M01_Nod_Commander_Conversation_Controller_GDI.cpp">
      <Filter>Source Files\M01</Filter>
    </ClCompile>
    <ClCompile Include="M01_GDIBase_EvacMonitor_JDG.cpp">
      <Filter>Source Files\M01</Filter>
    </ClCompile>
    <ClCompile Include="M01_Flyover_Generic_Script_JDG.cpp">
      <Filter>Source Files\M01</Filter>
    </ClCompile>
    <ClCompile Include="M01_FP_BaseToBase_NorthSouth_Contoller_JDG.cpp">
      <Filter>Source Files\M01</Filter>
    </ClCompile>
    <ClCompile Include="M01_FP_BaseToBase_SouthNorth_Contoller_JDG.cpp">
      <Filter>Source Files\M01</Filter>
    </ClCompile>
    <ClCompile Include="M01_FP_GDIOcean_NorthSouth_Contoller_JDG.cpp">
      <Filter>Source Files\M01</Filter>
    </ClCompile>
    <ClCompile Include="M01_FP_GDIOcean_SouthNorth_Contoller_JDG.cpp">
      <Filter>Source Files\M01</Filter>
    </ClCompile>
    <ClCompile Include="M01_FP_NodBase_NorthSouth_Contoller_JDG.cpp">
      <Filter>Source Files\M01</Filter>
    </ClCompile>
    <ClCompile Include="M01_FP_NodBase_SouthNorth_Contoller_JDG.cpp">
      <Filter>Source Files\M01</Filter>
    </ClCompile>
    <ClCompile Include="M01_FP_NodBase_EastWest_Contoller_JDG.cpp">
      <Filter>Source Files\M01</Filter>
    </ClCompile>
    <ClCompile Include="M01_FP_NodBase_WestEast_Contoller_JDG.cpp">
      <Filter>Source Files\M01</Filter>
    </ClCompile>
    <ClCompile Include="M01_FP_NodBase_Dogfight_Contoller_JDG.cpp">
      <Filter>Source Files\M01</Filter>
    </ClCompile>
    <ClCompile Include="M01_Announce_First_ObjectiveZone_JDG.cpp">
      <Filter>Source Files\M01</Filter>
    </ClCompile>
    <ClCompile Include="M01_GDI_BeachGuy01_JDG.cpp">
      <Filter>Source Files\M01</Filter>
    </ClCompile>
    <ClCompile Include="M01_Objective_Pog_Controller_JDG.cpp">
      <Filter>Source Files\M01</Filter>
    </ClCompile>
    <ClCompile Include="M01_DataDisc_TextController_JDG.cpp">
      <Filter>Source Files\M01</Filter>
    </ClCompile>
    <ClCompile Include="M01_Beach_Datadisc_JDG.cpp">
      <Filter>Source Files\M01</Filter>
    </ClCompile>
    <ClCompile Include="M01_ConDropZone_JDG.cpp">
      <Filter>Source Files\M01</Filter>
    </ClCompile>
    <ClCompile Include="M01_GDI_Base_Artillery_Controller_JDG.cpp">
      <Filter>Source Files\M01</Filter>
    </ClCompile>
    <ClCompile Include="M01_Use_Ladder_Zone_JDG.cpp">
      <Filter>Source Files\M01</Filter>
    </ClCompile>
    <ClCompile Include="M01_Base_StartZone_JDG.cpp">
      <Filter>Source Files\M01</Filter>
    </ClCompile>
    <ClCompile Include="M01_Base_GDI_Fodder_JDG.cpp">
      <Filter>Source Files\M01</Filter>
    </ClCompile>
    <ClCompile Include="M01_AccessDenied_Zone_JDG.cpp">
      <Filter>Source Files\M01</Filter>
    </ClCompile>
    <ClCompile Include="M01_Base_GDI_Minigunner_JDG.cpp">
      <Filter>Source Files\M01</Filter>
    </ClCompile>
    <ClCompile Include="M00_No_Falling_Damage_DME.cpp">
      <Filter>Source Files\M00</Filter>
    </ClCompile>
    <ClCompile Include="M00_HealthMedal_TextMessage.cpp">
      <Filter>Source Files\M00</Filter>
    </ClCompile>
    <ClCompile Include="M00_C130_Explosion.cpp">
      <Filter>Source Files\M00</Filter>
    </ClCompile>
    <ClCompile Include="M00_BUILDING_EXPLODE_NO_DAMAGE_DAK.cpp">
      <Filter>Source Files\M00</Filter>
    </ClCompile>
    <ClCompile Include="M00_ArmorMedal_TextMessage_JDG.cpp">
      <Filter>Source Files\M00</Filter>
    </ClCompile>
    <ClCompile Include="M00_Nod_Obelisk.cpp">
      <Filter>Source Files\M00</Filter>
    </ClCompile>
    <ClCompile Include="M00_Obelisk_Weapon.cpp">
      <Filter>Source Files\M00</Filter>
    </ClCompile>
    <ClCompile Include="M01_C130_Dropoff_Dude_JDG.cpp">
      <Filter>Source Files\M01</Filter>
    </ClCompile>
    <ClCompile Include="M01_SniperRifle_02_JDG.cpp">
      <Filter>Source Files\M01</Filter>
    </ClCompile>
    <ClCompile Include="M01_SniperRifle_02_AirdropZone_JDG.cpp">
      <Filter>Source Files\M01</Filter>
    </ClCompile>
    <ClCompile Include="M01_GDIBase_FirstChinookMinigunnerGuy_JDG.cpp">
      <Filter>Source Files\M01</Filter>
    </ClCompile>
    <ClCompile Include="M01_Nod_Truck_JDG.cpp">
      <Filter>Source Files\M01</Filter>
    </ClCompile>
    <ClCompile Include="M01_Base_Nod_Minigunner_JDG.cpp">
      <Filter>Source Files\M01</Filter>
    </ClCompile>
    <ClCompile Include="M01_C4_TutorialScript_JDG.cpp">
      <Filter>Source Files\M01</Filter>
    </ClCompile>
    <ClCompile Include="M01_Base_GDI_Grenadier_JDG.cpp">
      <Filter>Source Files\M01</Filter>
    </ClCompile>
    <ClCompile Include="M01_SniperRifle_01_JDG.cpp">
      <Filter>Source Files\M01</Filter>
    </ClCompile>
    <ClCompile Include="M01_SniperRifle_01_Target_JDG.cpp">
      <Filter>Source Files\M01</Filter>
    </ClCompile>
    <ClCompile Include="M01_Ambient_Sound_Controller_JDG.cpp">
      <Filter>Source Files\M01</Filter>
    </ClCompile>
    <ClCompile Include="M01_Mission_Controller_JDG.cpp">
      <Filter>Source Files\M01</Filter>
    </ClCompile>
    <ClCompile Include="M01_HON_FrontDoor_Evacuator_JDG.cpp">
      <Filter>Source Files\M01</Filter>
    </ClCompile>
    <ClCompile Include="M01_CommCenter_Evacuator_JDG.cpp">
      <Filter>Source Files\M01</Filter>
    </ClCompile>
    <ClCompile Include="M01_HarvesterScript_New_JDG.cpp">
      <Filter>Source Files\M01</Filter>
    </ClCompile>
    <ClCompile Include="M01_KeyCard01_Script_JDG.cpp">
      <Filter>Source Files\M01</Filter>
    </ClCompile>
    <ClCompile Include="M01_Tiberium_Cave_Helicopter_JDG.cpp">
      <Filter>Source Files\M01</Filter>
    </ClCompile>
    <ClCompile Include="M01_Whack_A_Mole_Minigunner_JDG.cpp">
      <Filter>Source Files\M01</Filter>
    </ClCompile>
    <ClCompile Include="M01_HON_Easy_Spawned_Guy_01_JDG.cpp">
      <Filter>Source Files\M01</Filter>
    </ClCompile>
    <ClCompile Include="M01_HON_Easy_Spawned_Guy_02_JDG.cpp">
      <Filter>Source Files\M01</Filter>
    </ClCompile>
    <ClCompile Include="M01_HON_Easy_Spawned_Guy_03_JDG.cpp">
      <Filter>Source Files\M01</Filter>
    </ClCompile>
    <ClCompile Include="M01_Nod_Chinook_Reinforcement_Guy_JDG.cpp">
      <Filter>Source Files\M01</Filter>
    </ClCompile>
    <ClCompile Include="M01_Hunt_The_Player_JDG.cpp">
      <Filter>Source Files\M01</Filter>
    </ClCompile>
    <ClCompile Include="M01_COMM_Chinook_Spawned_Soldier_GDI.cpp">
      <Filter>Source Files\M01</Filter>
    </ClCompile>
    <ClCompile Include="M01_HON_Chinook_Spawned_Soldier_01_GDI_JDG.cpp">
      <Filter>Source Files\M01</Filter>
    </ClCompile>
    <ClCompile Include="M01_HON_Chinook_Spawned_Soldier_02_GDI_JDG.cpp">
      <Filter>Source Files\M01</Filter>
    </ClCompile>
    <ClCompile Include="M01_HON_Chinook_Spawned_Soldier_03_GDI_JDG.cpp">
      <Filter>Source Files\M01</Filter>
    </ClCompile>
    <ClCompile Include="M01_HON_Chinook_Spawned_Soldier_04_GDI_JDG.cpp">
      <Filter>Source Files\M01</Filter>
    </ClCompile>
    <ClCompile Include="M01_TurretBeach_Chinook_Spawned_Soldier_NOD.cpp">
      <Filter>Source Files\M01</Filter>
    </ClCompile>
    <ClCompile Include="M01_GDIBaseCommander_EvacController_JDG.cpp">
      <Filter>Source Files\M01</Filter>
    </ClCompile>
    <ClCompile Include="M01_GDIBaseCommander_Air_Evac_Waypath_JDG.cpp">
      <Filter>Source Files\M01</Filter>
    </ClCompile>
    <ClCompile Include="M01_GDIBaseCommander_Air_Evac_Chopper_JDG.cpp">
      <Filter>Source Files\M01</Filter>
    </ClCompile>
    <ClCompile Include="M01_GDIBaseCommander_Air_Evac_Rope_JDG.cpp">
      <Filter>Source Files\M01</Filter>
    </ClCompile>
    <ClCompile Include="M01_Evac_TroopBone_JDG.cpp">
      <Filter>Source Files\M01</Filter>
    </ClCompile>
    <ClCompile Include="M01_GDIBase_POW_Conversation_Controller_JDG.cpp">
      <Filter>Source Files\M01</Filter>
    </ClCompile>
    <ClCompile Include="M01_GDIBase_POWEncounter02_Controller_JDG.cpp">
      <Filter>Source Files\M01</Filter>
    </ClCompile>
    <ClCompile Include="M01_GDIBasePOW_Air_Evac_Waypath_JDG.cpp">
      <Filter>Source Files\M01</Filter>
    </ClCompile>
    <ClCompile Include="M01_GDIBasePOW_Air_Evac_Chopper_JDG.cpp">
      <Filter>Source Files\M01</Filter>
    </ClCompile>
    <ClCompile Include="M01_GDIBasePOW_Air_Evac_Rope_JDG.cpp">
      <Filter>Source Files\M01</Filter>
    </ClCompile>
    <ClCompile Include="M01_POW_Nod_Minigunner01_JDG.cpp">
      <Filter>Source Files\M01</Filter>
    </ClCompile>
    <ClCompile Include="M01_Base_POW01_JDG.cpp">
      <Filter>Source Files\M01</Filter>
    </ClCompile>
    <ClCompile Include="M01_Base_POW02_JDG.cpp">
      <Filter>Source Files\M01</Filter>
    </ClCompile>
    <ClCompile Include="M01_BackPath_EntranceZone_JDG.cpp">
      <Filter>Source Files\M01</Filter>
    </ClCompile>
    <ClCompile Include="M01_BasalBuilding_Population_JDG.cpp">
      <Filter>Source Files\M01</Filter>
    </ClCompile>
    <ClCompile Include="M01_QuickSave_Zone_JDG.cpp">
      <Filter>Source Files\M01</Filter>
    </ClCompile>
    <ClCompile Include="M01_TriggerZone_GDIBase_BaseCommander_JDG.cpp">
      <Filter>Source Files\M01</Filter>
    </ClCompile>
    <ClCompile Include="M01_Duncan_Assailer_JDG.cpp">
      <Filter>Source Files\M01</Filter>
    </ClCompile>
    <ClCompile Include="M01_MiniGunner_Point_Guard_JDG.cpp">
      <Filter>Source Files\M01</Filter>
    </ClCompile>
    <ClCompile Include="M01_BackPath_NodGuy_JDG.cpp">
      <Filter>Source Files\M01</Filter>
    </ClCompile>
    <ClCompile Include="M01_Duncan_InHere_ConvController_JDG.cpp">
      <Filter>Source Files\M01</Filter>
    </ClCompile>
    <ClCompile Include="M01_Commander_Shack_Zone_JDG.cpp">
      <Filter>Source Files\M01</Filter>
    </ClCompile>
    <ClCompile Include="M01_GDIBase_BaseCommander_JDG.cpp">
      <Filter>Source Files\M01</Filter>
    </ClCompile>
    <ClCompile Include="M01_TibCave01_Datadisc_JDG.cpp">
      <Filter>Source Files\M01</Filter>
    </ClCompile>
    <ClCompile Include="M01_Airstrike_Controller_JDG.cpp">
      <Filter>Source Files\M01</Filter>
    </ClCompile>
    <ClCompile Include="M01_Deco_LightTanks_JDG.cpp">
      <Filter>Source Files\M01</Filter>
    </ClCompile>
    <ClCompile Include="M01_BarnArea_NOD_Commander_Trigger_Zone02_JDG.cpp">
      <Filter>Source Files\M01</Filter>
    </ClCompile>
    <ClCompile Include="M01_RealLightTank_TriggerZone_JDG.cpp">
      <Filter>Source Files\M01</Filter>
    </ClCompile>
    <ClCompile Include="M01_Announce_TankAirstrikeZone_JDG.cpp">
      <Filter>Source Files\M01</Filter>
    </ClCompile>
    <ClCompile Include="M01_GuardTower02_Sniper_TowerZone_JDG.cpp">
      <Filter>Source Files\M01</Filter>
    </ClCompile>
    <ClCompile Include="M01_GuardTower02_NewSniperTarget_JDG.cpp">
      <Filter>Source Files\M01</Filter>
    </ClCompile>
    <ClCompile Include="M01_GDI_GuardTower02_SniperRifle_JDG.cpp">
      <Filter>Source Files\M01</Filter>
    </ClCompile>
    <ClCompile Include="M01_GuardTower02_Sniper_Target01_JDG.cpp">
      <Filter>Source Files\M01</Filter>
    </ClCompile>
    <ClCompile Include="M01_GuardTower02_Sniper_Target02_JDG.cpp">
      <Filter>Source Files\M01</Filter>
    </ClCompile>
    <ClCompile Include="M01_GDI_GuardTower_NOD_Commander_JDG.cpp">
      <Filter>Source Files\M01</Filter>
    </ClCompile>
    <ClCompile Include="M01_GDIBase_AI_ExitZone_JDG.cpp">
      <Filter>Source Files\M01</Filter>
    </ClCompile>
    <ClCompile Include="M01_GDIBase_RealLightTank_JDG.cpp">
      <Filter>Source Files\M01</Filter>
    </ClCompile>
    <ClCompile Include="M01_Player_is_Entering_GDI_Base_Zone.cpp">
      <Filter>Source Files\M01</Filter>
    </ClCompile>
    <ClCompile Include="M01_PlayerLeaving_BarnArea_Zone_JDG.cpp">
      <Filter>Source Files\M01</Filter>
    </ClCompile>
    <ClCompile Include="M01_Player_is_Leaving_GDI_Base_Zone.cpp">
      <Filter>Source Files\M01</Filter>
    </ClCompile>
    <ClCompile Include="M01_PlayerEntering_BarnArea_Zone_JDG.cpp">
      <Filter>Source Files\M01</Filter>
    </ClCompile>
    <ClCompile Include="M01_Barn_Point_Guard_01_JDG.cpp">
      <Filter>Source Files\M01</Filter>
    </ClCompile>
    <ClCompile Include="M01_Billys_Conversation_Zone_JDG.cpp">
      <Filter>Source Files\M01</Filter>
    </ClCompile>
    <ClCompile Include="M01_Hovercraft_Explosion_Controller_JDG.cpp">
      <Filter>Source Files\M01</Filter>
    </ClCompile>
    <ClCompile Include="M01_C4_Tutorial_Zone_JDG.cpp">
      <Filter>Source Files\M01</Filter>
    </ClCompile>
    <ClCompile Include="M01_TurretBeach_Turret_01_Script_JDG.cpp">
      <Filter>Source Files\M01</Filter>
    </ClCompile>
    <ClCompile Include="M01_TurretBeach_FodderHovercraft_Controller_JDG.cpp">
      <Filter>Source Files\M01</Filter>
    </ClCompile>
    <ClCompile Include="M01_FodderHovercraft_Script_JDG.cpp">
      <Filter>Source Files\M01</Filter>
    </ClCompile>
    <ClCompile Include="M01_Medium_Tank01_JDG.cpp">
      <Filter>Source Files\M01</Filter>
    </ClCompile>
    <ClCompile Include="M01_Medium_Tank_JDG.cpp">
      <Filter>Source Files\M01</Filter>
    </ClCompile>
    <ClCompile Include="M01_Medium_Tank_Tunnel_Squish_Guy_JDG.cpp">
      <Filter>Source Files\M01</Filter>
    </ClCompile>
    <ClCompile Include="M01_TurretBeach_Engineer_JDG.cpp">
      <Filter>Source Files\M01</Filter>
    </ClCompile>
    <ClCompile Include="M01_GunboatAction_Controller_JDG.cpp">
      <Filter>Source Files\M01</Filter>
    </ClCompile>
    <ClCompile Include="M01_Initial_Gunboat_Script_JDG.cpp">
      <Filter>Source Files\M01</Filter>
    </ClCompile>
    <ClCompile Include="M01_Sinking_Gunboat_JDG.cpp">
      <Filter>Source Files\M01</Filter>
    </ClCompile>
    <ClCompile Include="M01_Gunboat_Spawn_Hovercraft_Zone_JDG.cpp">
      <Filter>Source Files\M01</Filter>
    </ClCompile>
    <ClCompile Include="M01_BarnArea_EvacMonitor_JDG.cpp">
      <Filter>Source Files\M01</Filter>
    </ClCompile>
    <ClCompile Include="M01_Barn_EntryZone_JDG.cpp">
      <Filter>Source Files\M01</Filter>
    </ClCompile>
    <ClCompile Include="M01_BarnArea_Air_Evac_Waypath_JDG.cpp">
      <Filter>Source Files\M01</Filter>
    </ClCompile>
    <ClCompile Include="M01_BarnArea_Air_Evac_Chopper_JDG.cpp">
      <Filter>Source Files\M01</Filter>
    </ClCompile>
    <ClCompile Include="M01_BarnArea_Air_Evac_Rope_JDG.cpp">
      <Filter>Source Files\M01</Filter>
    </ClCompile>
    <ClCompile Include="M01_Barn_Door_Guard_JDG.cpp">
      <Filter>Source Files\M01</Filter>
    </ClCompile>
    <ClCompile Include="M01_Barn_Talk_Guard_01_JDG.cpp">
      <Filter>Source Files\M01</Filter>
    </ClCompile>
    <ClCompile Include="M01_Barn_Prisoner_01_JDG.cpp">
      <Filter>Source Files\M01</Filter>
    </ClCompile>
    <ClCompile Include="M01_Barn_Prisoner_02_JDG.cpp">
      <Filter>Source Files\M01</Filter>
    </ClCompile>
    <ClCompile Include="M01_Barn_Prisoner_03_JDG.cpp">
      <Filter>Source Files\M01</Filter>
    </ClCompile>
    <ClCompile Include="M01_Barn_Babushkas_Conversation_Zone_JDG.cpp">
      <Filter>Source Files\M01</Filter>
    </ClCompile>
    <ClCompile Include="M01_Shed_Datadisc_JDG.cpp">
      <Filter>Source Files\M01</Filter>
    </ClCompile>
    <ClCompile Include="M01_BarnArea_AI_ExitZone_JDG.cpp">
      <Filter>Source Files\M01</Filter>
    </ClCompile>
    <ClCompile Include="M01_Player_Is_Entering_Tailgun_Alley_Backway_JDG.cpp">
      <Filter>Source Files\M01</Filter>
    </ClCompile>
    <ClCompile Include="M01_Tunnel_Exterior_Zone.cpp">
      <Filter>Source Files\M01</Filter>
    </ClCompile>
    <ClCompile Include="M01_Tunnel_Interior_Zone.cpp">
      <Filter>Source Files\M01</Filter>
    </ClCompile>
    <ClCompile Include="M01_Tank_Entering_Tunnel_Zone_JDG.cpp">
      <Filter>Source Files\M01</Filter>
    </ClCompile>
    <ClCompile Include="M01_MediumTank_ReminderZone_JDG.cpp">
      <Filter>Source Files\M01</Filter>
    </ClCompile>
    <ClCompile Include="M01_Player_Is_Entering_Tailgun_Alley_JDG.cpp">
      <Filter>Source Files\M01</Filter>
    </ClCompile>
    <ClCompile Include="M01_TailGun_01_JDG.cpp">
      <Filter>Source Files\M01</Filter>
    </ClCompile>
    <ClCompile Include="M01_TailGun_02_JDG.cpp">
      <Filter>Source Files\M01</Filter>
    </ClCompile>
    <ClCompile Include="M01_TailGun_03_JDG.cpp">
      <Filter>Source Files\M01</Filter>
    </ClCompile>
    <ClCompile Include="M01_GDIBase_LightTank_JDG.cpp">
      <Filter>Source Files\M01</Filter>
    </ClCompile>
    <ClCompile Include="M01_GDI_Base_Spawner_Controller_JDG.cpp">
      <Filter>Source Files\M01</Filter>
    </ClCompile>
    <ClCompile Include="M01_CantBring_MediumTank_ThroughHereZone_JDG.cpp">
      <Filter>Source Files\M01</Filter>
    </ClCompile>
    <ClCompile Include="M01_TurnOff_TankReminder_Zone_JDG.cpp">
      <Filter>Source Files\M01</Filter>
    </ClCompile>
    <ClCompile Include="M01_HON_Commander_Guy.cpp">
      <Filter>Source Files\M01</Filter>
    </ClCompile>
    <ClCompile Include="M01_TailgunRun_NOD_Commander_JDG.cpp">
      <Filter>Source Files\M01</Filter>
    </ClCompile>
    <ClCompile Include="M01_Lose_Any_Church_Escorts_Zone_02.cpp">
      <Filter>Source Files\M01</Filter>
    </ClCompile>
    <ClCompile Include="M01_Player_Is_Crossing_Bridge_Zone.cpp">
      <Filter>Source Files\M01</Filter>
    </ClCompile>
    <ClCompile Include="M01_Waterfall_Exterior_Zone.cpp">
      <Filter>Source Files\M01</Filter>
    </ClCompile>
    <ClCompile Include="M01_Waterfall_Interior_Zone.cpp">
      <Filter>Source Files\M01</Filter>
    </ClCompile>
    <ClCompile Include="M01_TibCave_StartZone_JDG.cpp">
      <Filter>Source Files\M01</Filter>
    </ClCompile>
    <ClCompile Include="M00_VisceroidInnate_DAY.cpp">
      <Filter>Source Files\M00</Filter>
    </ClCompile>
    <ClCompile Include="M01_Visceroid01_JDG.cpp">
      <Filter>Source Files\M01</Filter>
    </ClCompile>
    <ClCompile Include="M01_Visceroid02_JDG.cpp">
      <Filter>Source Files\M01</Filter>
    </ClCompile>
    <ClCompile Include="M01_Visceroid03_JDG.cpp">
      <Filter>Source Files\M01</Filter>
    </ClCompile>
    <ClCompile Include="M01_Visceroid_NodGuy01_JDG.cpp">
      <Filter>Source Files\M01</Filter>
    </ClCompile>
    <ClCompile Include="M01_Visceroid_NodGuy02_JDG.cpp">
      <Filter>Source Files\M01</Filter>
    </ClCompile>
    <ClCompile Include="M01_TibCave02_Datadisc_JDG.cpp">
      <Filter>Source Files\M01</Filter>
    </ClCompile>
    <ClCompile Include="M01_Player_Is_Crossing_Bridge_Via_Cave_Zone.cpp">
      <Filter>Source Files\M01</Filter>
    </ClCompile>
    <ClCompile Include="M01_Tiberium_Cave_Spawn_Helicopter_Zone_JDG.cpp">
      <Filter>Source Files\M01</Filter>
    </ClCompile>
    <ClCompile Include="M01_Tailgun_Run_Spawner_Controller_JDG.cpp">
      <Filter>Source Files\M01</Filter>
    </ClCompile>
    <ClCompile Include="M01_TiberiumCave_UpThere_NodGuy_JDG.cpp">
      <Filter>Source Files\M01</Filter>
    </ClCompile>
    <ClCompile Include="M01_TibField_Guard01_New_JDG.cpp">
      <Filter>Source Files\M01</Filter>
    </ClCompile>
    <ClCompile Include="M01_Entering_Church_Area_Zone.cpp">
      <Filter>Source Files\M01</Filter>
    </ClCompile>
    <ClCompile Include="M01_Player_Is_Crossing_Bridge_Via_Church_Zone.cpp">
      <Filter>Source Files\M01</Filter>
    </ClCompile>
    <ClCompile Include="M01_Interior_Nun_Conversation_Zone_JDG.cpp">
      <Filter>Source Files\M01</Filter>
    </ClCompile>
    <ClCompile Include="M01_GDI_Escort_Conversation_Controller_GDI.cpp">
      <Filter>Source Files\M01</Filter>
    </ClCompile>
    <ClCompile Include="M01_ChurchArea_EvacMonitor_JDG.cpp">
      <Filter>Source Files\M01</Filter>
    </ClCompile>
  </ItemGroup>
  <ItemGroup>
    <ClInclude Include="General.h">
      <Filter>Header Files</Filter>
    </ClInclude>
    <ClInclude Include="SinglePlayerScripts.h">
      <Filter>Header Files</Filter>
    </ClInclude>
    <ClInclude Include="MX0_Engineer_Goto.h">
      <Filter>Header Files\MX0</Filter>
    </ClInclude>
    <ClInclude Include="MX0_MissionStart_DME.h">
      <Filter>Header Files\MX0</Filter>
    </ClInclude>
    <ClInclude Include="Havoc_Script.h">
      <Filter>Header Files\Misc</Filter>
    </ClInclude>
    <ClInclude Include="MX0_Engineer1.h">
      <Filter>Header Files\MX0</Filter>
    </ClInclude>
    <ClInclude Include="MX0_Engineer2.h">
      <Filter>Header Files\MX0</Filter>
    </ClInclude>
    <ClInclude Include="M00_Soldier_Powerup_Disable.h">
      <Filter>Header Files\M00</Filter>
    </ClInclude>
    <ClInclude Include="M00_Send_Object_ID.h">
      <Filter>Header Files\M00</Filter>
    </ClInclude>
    <ClInclude Include="MX0_SniperAction.h">
      <Filter>Header Files\MX0</Filter>
    </ClInclude>
    <ClInclude Include="MX0_KillNotify.h">
      <Filter>Header Files\MX0</Filter>
    </ClInclude>
    <ClInclude Include="MX0_NOD_TroopDrop.h">
      <Filter>Header Files\MX0</Filter>
    </ClInclude>
    <ClInclude Include="MX0_Engineer_Goto2.h">
      <Filter>Header Files\MX0</Filter>
    </ClInclude>
    <ClInclude Include="M00_BuildingStateSoundSpeaker.h">
      <Filter>Header Files\M00</Filter>
    </ClInclude>
    <ClInclude Include="M00_BuildingStateSoundController.h">
      <Filter>Header Files\M00</Filter>
    </ClInclude>
    <ClInclude Include="M00_Play_Sound.h">
      <Filter>Header Files\M00</Filter>
    </ClInclude>
    <ClInclude Include="MX0_A02_ZONE_STARTUP.h">
      <Filter>Header Files\MX0</Filter>
    </ClInclude>
    <ClInclude Include="M00_Cinematic_Attack_Command_DLS.h">
      <Filter>Header Files\M00</Filter>
    </ClInclude>
    <ClInclude Include="M00_Cinematic_Kill_Object_DAY.h">
      <Filter>Header Files\M00</Filter>
    </ClInclude>
    <ClInclude Include="M00_Disable_Loiter_DAY.h">
      <Filter>Header Files\M00</Filter>
    </ClInclude>
    <ClInclude Include="M00_Generic_Conv_DME.h">
      <Filter>Header Files\M00</Filter>
    </ClInclude>
    <ClInclude Include="MX0_A02_Controller.h">
      <Filter>Header Files\MX0</Filter>
    </ClInclude>
    <ClInclude Include="MX0_A02_ACTOR.h">
      <Filter>Header Files\MX0</Filter>
    </ClInclude>
    <ClInclude Include="MX0_A02_GDI_VEHICLE.h">
      <Filter>Header Files\MX0</Filter>
    </ClInclude>
    <ClInclude Include="MX0_A02_GDI_APC.h">
      <Filter>Header Files\MX0</Filter>
    </ClInclude>
    <ClInclude Include="MX0_A02_HELICOPTER.h">
      <Filter>Header Files\MX0</Filter>
    </ClInclude>
    <ClInclude Include="MX0_A02_GDI_MEDTANK.h">
      <Filter>Header Files\MX0</Filter>
    </ClInclude>
    <ClInclude Include="MX0_A03_CONTROLLER_DAK.h">
      <Filter>Header Files\MX0</Filter>
    </ClInclude>
    <ClInclude Include="M08_Petra_C_Helo.h">
      <Filter>Header Files\M08</Filter>
    </ClInclude>
    <ClInclude Include="M00_Damage_Modifier_DME.h">
      <Filter>Header Files\M00</Filter>
    </ClInclude>
    <ClInclude Include="MX0_A03_HUMVEE.h">
      <Filter>Header Files\MX0</Filter>
    </ClInclude>
    <ClInclude Include="MX0_GDI_Soldier_DLS.h">
      <Filter>Header Files\MX0</Filter>
    </ClInclude>
    <ClInclude Include="MX0_NOD_INFANTRY.h">
      <Filter>Header Files\MX0</Filter>
    </ClInclude>
    <ClInclude Include="MX0_GDI_ORCA.h">
      <Filter>Header Files\MX0</Filter>
    </ClInclude>
    <ClInclude Include="MX0_A03_TANK.h">
      <Filter>Header Files\MX0</Filter>
    </ClInclude>
    <ClInclude Include="MX0_A03_NOD_PLACED_MINIGUNNER.h">
      <Filter>Header Files\MX0</Filter>
    </ClInclude>
    <ClInclude Include="MX0_A03_END_ZONE.h">
      <Filter>Header Files\MX0</Filter>
    </ClInclude>
    <ClInclude Include="MX0_A03_NOD_HARVESTER.h">
      <Filter>Header Files\MX0</Filter>
    </ClInclude>
    <ClInclude Include="MX0_A03_NOD_BUGGIE.h">
      <Filter>Header Files\MX0</Filter>
    </ClInclude>
    <ClInclude Include="MX0_A03_NOD_TROOPER_TIB_DEATH.h">
      <Filter>Header Files\MX0</Filter>
    </ClInclude>
    <ClInclude Include="M00_Nod_Turret.h">
      <Filter>Header Files\M00</Filter>
    </ClInclude>
    <ClInclude Include="MX0_A03_NOD_TURRET.h">
      <Filter>Header Files\MX0</Filter>
    </ClInclude>
    <ClInclude Include="MX0_Area4_Controller_DLS.h">
      <Filter>Header Files\MX0</Filter>
    </ClInclude>
    <ClInclude Include="MX0_Area4_Zone_DLS.h">
      <Filter>Header Files\MX0</Filter>
    </ClInclude>
    <ClInclude Include="MX0_Nod_Bunker_DLS.h">
      <Filter>Header Files\MX0</Filter>
    </ClInclude>
    <ClInclude Include="M03_SAM_Site_Logic.h">
      <Filter>Header Files\M03</Filter>
    </ClInclude>
    <ClInclude Include="M01_Destroyed_SAMSITE_JDG.h">
      <Filter>Header Files\M01</Filter>
    </ClInclude>
    <ClInclude Include="M03_Destroyed_SAM_Site.h">
      <Filter>Header Files\M03</Filter>
    </ClInclude>
    <ClInclude Include="MX0_Vehicle_DLS.h">
      <Filter>Header Files\MX0</Filter>
    </ClInclude>
    <ClInclude Include="MX0_GDI_Killed_DLS.h">
      <Filter>Header Files\MX0</Filter>
    </ClInclude>
    <ClInclude Include="MX0_Explosive_Barrels_DLS.h">
      <Filter>Header Files\MX0</Filter>
    </ClInclude>
    <ClInclude Include="MX0_SAM_DLS.h">
      <Filter>Header Files\MX0</Filter>
    </ClInclude>
    <ClInclude Include="MX0_Nod_RocketSoldier_DLS.h">
      <Filter>Header Files\MX0</Filter>
    </ClInclude>
    <ClInclude Include="MX0_Gun_Emplacement_DLS.h">
      <Filter>Header Files\MX0</Filter>
    </ClInclude>
    <ClInclude Include="MX0_Obelisk_Weapon_DLS.h">
      <Filter>Header Files\MX0</Filter>
    </ClInclude>
    <ClInclude Include="MX0_Plant_Ion_Beacon_DLS.h">
      <Filter>Header Files\MX0</Filter>
    </ClInclude>
    <ClInclude Include="MX0_A03_GDI_TROOPER_ONE.h">
      <Filter>Header Files\MX0</Filter>
    </ClInclude>
    <ClInclude Include="MX0_A02_DEFAULT_OFF.h">
      <Filter>Header Files\MX0</Filter>
    </ClInclude>
    <ClInclude Include="MX0_A02_ZONE_DEFAULT_ON.h">
      <Filter>Header Files\MX0</Filter>
    </ClInclude>
    <ClInclude Include="MX0_A03_FIRST_PLAYER_ZONE.h">
      <Filter>Header Files\MX0</Filter>
    </ClInclude>
    <ClInclude Include="MX0_A03_GDI_TROOP_DROP_ZONE_DAK.h">
      <Filter>Header Files\MX0</Filter>
    </ClInclude>
    <ClInclude Include="MX0_A03_HAVOC_TANK.h">
      <Filter>Header Files\MX0</Filter>
    </ClInclude>
    <ClInclude Include="MX0_A03_TROOPER_ONE_TEST.h">
      <Filter>Header Files\MX0</Filter>
    </ClInclude>
    <ClInclude Include="MX0_A03_GDI_TANK_DROP_ZONE_DAK.h">
      <Filter>Header Files\MX0</Filter>
    </ClInclude>
    <ClInclude Include="DAK_MX0_Sec_3_Humvee.h">
      <Filter>Header Files\MX0</Filter>
    </ClInclude>
    <ClInclude Include="MX0_AmbientBattle.h">
      <Filter>Header Files\MX0</Filter>
    </ClInclude>
    <ClInclude Include="MX0_Kill_Sniper.h">
      <Filter>Header Files\MX0</Filter>
    </ClInclude>
    <ClInclude Include="MX0_Engineer_Return.h">
      <Filter>Header Files\MX0</Filter>
    </ClInclude>
    <ClInclude Include="M00_Soldier_Powerup_Grant.h">
      <Filter>Header Files\M00</Filter>
    </ClInclude>
    <ClInclude Include="M00_Powerup_Destroy.h">
      <Filter>Header Files\M00</Filter>
    </ClInclude>
    <ClInclude Include="M00_Disable_Transition.h">
      <Filter>Header Files\M00</Filter>
    </ClInclude>
    <ClInclude Include="M00_Play_Sound_Object_Bone_DAY.h">
      <Filter>Header Files\M00</Filter>
    </ClInclude>
    <ClInclude Include="M00_Disable_Physical_Collision_JDG.h">
      <Filter>Header Files\M00</Filter>
    </ClInclude>
    <ClInclude Include="M00_Vehicle_Regen_DAK.h">
      <Filter>Header Files\M00</Filter>
    </ClInclude>
    <ClInclude Include="M03_Goto_Star.h">
      <Filter>Header Files\M03</Filter>
    </ClInclude>
    <ClInclude Include="M02_Respawn_Controller.h">
      <Filter>Header Files\M02</Filter>
    </ClInclude>
    <ClInclude Include="M02_Objective_Controller.h">
      <Filter>Header Files\M02</Filter>
    </ClInclude>
    <ClInclude Include="M02_Objective_Zone.h">
      <Filter>Header Files\M02</Filter>
    </ClInclude>
    <ClInclude Include="M02_Nod_Apache.h">
      <Filter>Header Files\M02</Filter>
    </ClInclude>
    <ClInclude Include="M02_Nod_Jet_Waypath.h">
      <Filter>Header Files\M02</Filter>
    </ClInclude>
    <ClInclude Include="M02_Mendoza.h">
      <Filter>Header Files\M02</Filter>
    </ClInclude>
    <ClInclude Include="M02_Player_Vehicle.h">
      <Filter>Header Files\M02</Filter>
    </ClInclude>
    <ClInclude Include="M02_Nod_Jet.h">
      <Filter>Header Files\M02</Filter>
    </ClInclude>
    <ClInclude Include="M02_Nod_Vehicle.h">
      <Filter>Header Files\M02</Filter>
    </ClInclude>
    <ClInclude Include="M02_Nod_Sakura.h">
      <Filter>Header Files\M02</Filter>
    </ClInclude>
    <ClInclude Include="M02_GDI_Helicopter.h">
      <Filter>Header Files\M02</Filter>
    </ClInclude>
    <ClInclude Include="M02_Reset_Spawn.h">
      <Filter>Header Files\M02</Filter>
    </ClInclude>
    <ClInclude Include="M02_Destroy_Vehicle.h">
      <Filter>Header Files\M02</Filter>
    </ClInclude>
    <ClInclude Include="M02_Nod_Soldier.h">
      <Filter>Header Files\M02</Filter>
    </ClInclude>
    <ClInclude Include="M02_GDI_Soldier.h">
      <Filter>Header Files\M02</Filter>
    </ClInclude>
    <ClInclude Include="DLS_Where_Am_I.h">
      <Filter>Header Files\Misc</Filter>
    </ClInclude>
    <ClInclude Include="M07_Disable_Hibernation.h">
      <Filter>Header Files\M07</Filter>
    </ClInclude>
    <ClInclude Include="MX0_A03_GDI_INFANTRY.h">
      <Filter>Header Files\MX0</Filter>
    </ClInclude>
    <ClInclude Include="M02_Stationary_Vehicle.h">
      <Filter>Header Files\M02</Filter>
    </ClInclude>
    <ClInclude Include="M02_Helipad.h">
      <Filter>Header Files\M02</Filter>
    </ClInclude>
    <ClInclude Include="M02_Approach_Vehicle.h">
      <Filter>Header Files\M02</Filter>
    </ClInclude>
    <ClInclude Include="M01_Barn_Truck_JDG.h">
      <Filter>Header Files\M01</Filter>
    </ClInclude>
    <ClInclude Include="M02_Destroy_Objective.h">
      <Filter>Header Files\M02</Filter>
    </ClInclude>
    <ClInclude Include="M02_Nod_Convoy_Truck.h">
      <Filter>Header Files\M02</Filter>
    </ClInclude>
    <ClInclude Include="M02_Dam_MCT.h">
      <Filter>Header Files\M02</Filter>
    </ClInclude>
    <ClInclude Include="M02_Obelisk.h">
      <Filter>Header Files\M02</Filter>
    </ClInclude>
    <ClInclude Include="M02_Power_Plant.h">
      <Filter>Header Files\M02</Filter>
    </ClInclude>
    <ClInclude Include="M02_Encyclopedia_Reveal.h">
      <Filter>Header Files\M02</Filter>
    </ClInclude>
    <ClInclude Include="M02_Commando_Start.h">
      <Filter>Header Files\M02</Filter>
    </ClInclude>
    <ClInclude Include="M02_Data_Disk.h">
      <Filter>Header Files\M02</Filter>
    </ClInclude>
    <ClInclude Include="M01_First_AutoRifle_JDG.h">
      <Filter>Header Files\M01</Filter>
    </ClInclude>
    <ClInclude Include="M01_Nod_Commander_Conversation_Controller_GDI.h">
      <Filter>Header Files\M01</Filter>
    </ClInclude>
    <ClInclude Include="M01_GDIBase_EvacMonitor_JDG.h">
      <Filter>Header Files\M01</Filter>
    </ClInclude>
    <ClInclude Include="M01_Flyover_Generic_Script_JDG.h">
      <Filter>Header Files\M01</Filter>
    </ClInclude>
    <ClInclude Include="M01_FP_BaseToBase_NorthSouth_Contoller_JDG.h">
      <Filter>Header Files\M01</Filter>
    </ClInclude>
    <ClInclude Include="M01_FP_BaseToBase_SouthNorth_Contoller_JDG.h">
      <Filter>Header Files\M01</Filter>
    </ClInclude>
    <ClInclude Include="M01_FP_GDIOcean_NorthSouth_Contoller_JDG.h">
      <Filter>Header Files\M01</Filter>
    </ClInclude>
    <ClInclude Include="M01_FP_GDIOcean_SouthNorth_Contoller_JDG.h">
      <Filter>Header Files\M01</Filter>
    </ClInclude>
    <ClInclude Include="M01_FP_NodBase_NorthSouth_Contoller_JDG.h">
      <Filter>Header Files\M01</Filter>
    </ClInclude>
    <ClInclude Include="M01_FP_NodBase_SouthNorth_Contoller_JDG.h">
      <Filter>Header Files\M01</Filter>
    </ClInclude>
    <ClInclude Include="M01_FP_NodBase_EastWest_Contoller_JDG.h">
      <Filter>Header Files\M01</Filter>
    </ClInclude>
    <ClInclude Include="M01_FP_NodBase_WestEast_Contoller_JDG.h">
      <Filter>Header Files\M01</Filter>
    </ClInclude>
    <ClInclude Include="M01_FP_NodBase_Dogfight_Contoller_JDG.h">
      <Filter>Header Files\M01</Filter>
    </ClInclude>
    <ClInclude Include="M01_Announce_First_ObjectiveZone_JDG.h">
      <Filter>Header Files\M01</Filter>
    </ClInclude>
    <ClInclude Include="M01_GDI_BeachGuy01_JDG.h">
      <Filter>Header Files\M01</Filter>
    </ClInclude>
    <ClInclude Include="M01_Objective_Pog_Controller_JDG.h">
      <Filter>Header Files\M01</Filter>
    </ClInclude>
    <ClInclude Include="M01_DataDisc_TextController_JDG.h">
      <Filter>Header Files\M01</Filter>
    </ClInclude>
    <ClInclude Include="M01_Beach_Datadisc_JDG.h">
      <Filter>Header Files\M01</Filter>
    </ClInclude>
    <ClInclude Include="M01_ConDropZone_JDG.h">
      <Filter>Header Files\M01</Filter>
    </ClInclude>
    <ClInclude Include="M01_GDI_Base_Artillery_Controller_JDG.h">
      <Filter>Header Files\M01</Filter>
    </ClInclude>
    <ClInclude Include="M01_Use_Ladder_Zone_JDG.h">
      <Filter>Header Files\M01</Filter>
    </ClInclude>
    <ClInclude Include="M01_Base_StartZone_JDG.h">
      <Filter>Header Files\M01</Filter>
    </ClInclude>
    <ClInclude Include="M01_Base_GDI_Fodder_JDG.h">
      <Filter>Header Files\M01</Filter>
    </ClInclude>
    <ClInclude Include="M01_AccessDenied_Zone_JDG.h">
      <Filter>Header Files\M01</Filter>
    </ClInclude>
    <ClInclude Include="M01_Base_GDI_Minigunner_JDG.h">
      <Filter>Header Files\M01</Filter>
    </ClInclude>
    <ClInclude Include="M00_No_Falling_Damage_DME.h">
      <Filter>Header Files\M00</Filter>
    </ClInclude>
    <ClInclude Include="M00_HealthMedal_TextMessage.h">
      <Filter>Header Files\M00</Filter>
    </ClInclude>
    <ClInclude Include="M00_C130_Explosion.h">
      <Filter>Header Files\M00</Filter>
    </ClInclude>
    <ClInclude Include="M00_BUILDING_EXPLODE_NO_DAMAGE_DAK.h">
      <Filter>Header Files\M00</Filter>
    </ClInclude>
    <ClInclude Include="M00_ArmorMedal_TextMessage_JDG.h">
      <Filter>Header Files\M00</Filter>
    </ClInclude>
    <ClInclude Include="M00_Nod_Obelisk.h">
      <Filter>Header Files\M00</Filter>
    </ClInclude>
    <ClInclude Include="M00_Obelisk_Weapon.h">
      <Filter>Header Files\M00</Filter>
    </ClInclude>
    <ClInclude Include="M01_C130_Dropoff_Dude_JDG.h">
      <Filter>Header Files\M01</Filter>
    </ClInclude>
    <ClInclude Include="M01_SniperRifle_02_JDG.h">
      <Filter>Header Files\M01</Filter>
    </ClInclude>
    <ClInclude Include="M01_SniperRifle_02_AirdropZone_JDG.h">
      <Filter>Header Files\M01</Filter>
    </ClInclude>
    <ClInclude Include="M01_GDIBase_FirstChinookMinigunnerGuy_JDG.h">
      <Filter>Header Files\M01</Filter>
    </ClInclude>
    <ClInclude Include="M01_Nod_Truck_JDG.h">
      <Filter>Header Files\M01</Filter>
    </ClInclude>
    <ClInclude Include="M01_Base_Nod_Minigunner_JDG.h">
      <Filter>Header Files\M01</Filter>
    </ClInclude>
    <ClInclude Include="M01_C4_TutorialScript_JDG.h">
      <Filter>Header Files\M01</Filter>
    </ClInclude>
    <ClInclude Include="M01_Base_GDI_Grenadier_JDG.h">
      <Filter>Header Files\M01</Filter>
    </ClInclude>
    <ClInclude Include="M01_SniperRifle_01_JDG.h">
      <Filter>Header Files\M01</Filter>
    </ClInclude>
    <ClInclude Include="M01_SniperRifle_01_Target_JDG.h">
      <Filter>Header Files\M01</Filter>
    </ClInclude>
    <ClInclude Include="M01_Ambient_Sound_Controller_JDG.h">
      <Filter>Header Files\M01</Filter>
    </ClInclude>
    <ClInclude Include="M01_Mission_Controller_JDG.h">
      <Filter>Header Files\M01</Filter>
    </ClInclude>
    <ClInclude Include="M01_HON_FrontDoor_Evacuator_JDG.h">
      <Filter>Header Files\M01</Filter>
    </ClInclude>
    <ClInclude Include="M01_CommCenter_Evacuator_JDG.h">
      <Filter>Header Files\M01</Filter>
    </ClInclude>
    <ClInclude Include="M01_HarvesterScript_New_JDG.h">
      <Filter>Header Files\M01</Filter>
    </ClInclude>
    <ClInclude Include="M01_KeyCard01_Script_JDG.h">
      <Filter>Header Files\M01</Filter>
    </ClInclude>
    <ClInclude Include="M01_Tiberium_Cave_Helicopter_JDG.h">
      <Filter>Header Files\M01</Filter>
    </ClInclude>
    <ClInclude Include="M01_Whack_A_Mole_Minigunner_JDG.h">
      <Filter>Header Files\M01</Filter>
    </ClInclude>
    <ClInclude Include="M01_HON_Easy_Spawned_Guy_01_JDG.h">
      <Filter>Header Files\M01</Filter>
    </ClInclude>
    <ClInclude Include="M01_HON_Easy_Spawned_Guy_02_JDG.h">
      <Filter>Header Files\M01</Filter>
    </ClInclude>
    <ClInclude Include="M01_HON_Easy_Spawned_Guy_03_JDG.h">
      <Filter>Header Files\M01</Filter>
    </ClInclude>
    <ClInclude Include="M01_Nod_Chinook_Reinforcement_Guy_JDG.h">
      <Filter>Header Files\M01</Filter>
    </ClInclude>
    <ClInclude Include="M01_Hunt_The_Player_JDG.h">
      <Filter>Header Files\M01</Filter>
    </ClInclude>
    <ClInclude Include="M01_COMM_Chinook_Spawned_Soldier_GDI.h">
      <Filter>Header Files\M01</Filter>
    </ClInclude>
    <ClInclude Include="M01_HON_Chinook_Spawned_Soldier_01_GDI_JDG.h">
      <Filter>Header Files\M01</Filter>
    </ClInclude>
    <ClInclude Include="M01_HON_Chinook_Spawned_Soldier_02_GDI_JDG.h">
      <Filter>Header Files\M01</Filter>
    </ClInclude>
    <ClInclude Include="M01_HON_Chinook_Spawned_Soldier_03_GDI_JDG.h">
      <Filter>Header Files\M01</Filter>
    </ClInclude>
    <ClInclude Include="M01_HON_Chinook_Spawned_Soldier_04_GDI_JDG.h">
      <Filter>Header Files\M01</Filter>
    </ClInclude>
    <ClInclude Include="M01_TurretBeach_Chinook_Spawned_Soldier_NOD.h">
      <Filter>Header Files\M01</Filter>
    </ClInclude>
    <ClInclude Include="M01_GDIBaseCommander_EvacController_JDG.h">
      <Filter>Header Files\M01</Filter>
    </ClInclude>
    <ClInclude Include="M01_GDIBaseCommander_Air_Evac_Waypath_JDG.h">
      <Filter>Header Files\M01</Filter>
    </ClInclude>
    <ClInclude Include="M01_GDIBaseCommander_Air_Evac_Chopper_JDG.h">
      <Filter>Header Files\M01</Filter>
    </ClInclude>
    <ClInclude Include="M01_GDIBaseCommander_Air_Evac_Rope_JDG.h">
      <Filter>Header Files\M01</Filter>
    </ClInclude>
    <ClInclude Include="M01_Evac_TroopBone_JDG.h">
      <Filter>Header Files\M01</Filter>
    </ClInclude>
    <ClInclude Include="M01_GDIBase_POW_Conversation_Controller_JDG.h">
      <Filter>Header Files\M01</Filter>
    </ClInclude>
    <ClInclude Include="M01_GDIBase_POWEncounter02_Controller_JDG.h">
      <Filter>Header Files\M01</Filter>
    </ClInclude>
    <ClInclude Include="M01_GDIBasePOW_Air_Evac_Waypath_JDG.h">
      <Filter>Header Files\M01</Filter>
    </ClInclude>
    <ClInclude Include="M01_GDIBasePOW_Air_Evac_Chopper_JDG.h">
      <Filter>Header Files\M01</Filter>
    </ClInclude>
    <ClInclude Include="M01_GDIBasePOW_Air_Evac_Rope_JDG.h">
      <Filter>Header Files\M01</Filter>
    </ClInclude>
    <ClInclude Include="M01_POW_Nod_Minigunner01_JDG.h">
      <Filter>Header Files\M01</Filter>
    </ClInclude>
    <ClInclude Include="M01_Base_POW01_JDG.h">
      <Filter>Header Files\M01</Filter>
    </ClInclude>
    <ClInclude Include="M01_Base_POW02_JDG.h">
      <Filter>Header Files\M01</Filter>
    </ClInclude>
    <ClInclude Include="M01_BackPath_EntranceZone_JDG.h">
      <Filter>Header Files\M01</Filter>
    </ClInclude>
    <ClInclude Include="M01_BasalBuilding_Population_JDG.h">
      <Filter>Header Files\M01</Filter>
    </ClInclude>
    <ClInclude Include="M01_QuickSave_Zone_JDG.h">
      <Filter>Header Files\M01</Filter>
    </ClInclude>
    <ClInclude Include="M01_TriggerZone_GDIBase_BaseCommander_JDG.h">
      <Filter>Header Files\M01</Filter>
    </ClInclude>
    <ClInclude Include="M01_Duncan_Assailer_JDG.h">
      <Filter>Header Files\M01</Filter>
    </ClInclude>
    <ClInclude Include="M01_MiniGunner_Point_Guard_JDG.h">
      <Filter>Header Files\M01</Filter>
    </ClInclude>
    <ClInclude Include="M01_BackPath_NodGuy_JDG.h">
      <Filter>Header Files\M01</Filter>
    </ClInclude>
    <ClInclude Include="M01_Duncan_InHere_ConvController_JDG.h">
      <Filter>Header Files\M01</Filter>
    </ClInclude>
    <ClInclude Include="M01_Commander_Shack_Zone_JDG.h">
      <Filter>Header Files\M01</Filter>
    </ClInclude>
    <ClInclude Include="M01_GDIBase_BaseCommander_JDG.h">
      <Filter>Header Files\M01</Filter>
    </ClInclude>
    <ClInclude Include="M01_TibCave01_Datadisc_JDG.h">
      <Filter>Header Files\M01</Filter>
    </ClInclude>
    <ClInclude Include="M01_Airstrike_Controller_JDG.h">
      <Filter>Header Files\M01</Filter>
    </ClInclude>
    <ClInclude Include="M01_Deco_LightTanks_JDG.h">
      <Filter>Header Files\M01</Filter>
    </ClInclude>
    <ClInclude Include="M01_BarnArea_NOD_Commander_Trigger_Zone02_JDG.h">
      <Filter>Header Files\M01</Filter>
    </ClInclude>
    <ClInclude Include="M01_RealLightTank_TriggerZone_JDG.h">
      <Filter>Header Files\M01</Filter>
    </ClInclude>
    <ClInclude Include="M01_Announce_TankAirstrikeZone_JDG.h">
      <Filter>Header Files\M01</Filter>
    </ClInclude>
    <ClInclude Include="M01_GuardTower02_Sniper_TowerZone_JDG.h">
      <Filter>Header Files\M01</Filter>
    </ClInclude>
    <ClInclude Include="M01_GuardTower02_NewSniperTarget_JDG.h">
      <Filter>Header Files\M01</Filter>
    </ClInclude>
    <ClInclude Include="M01_GDI_GuardTower02_SniperRifle_JDG.h">
      <Filter>Header Files\M01</Filter>
    </ClInclude>
    <ClInclude Include="M01_GuardTower02_Sniper_Target01_JDG.h">
      <Filter>Header Files\M01</Filter>
    </ClInclude>
    <ClInclude Include="M01_GuardTower02_Sniper_Target02_JDG.h">
      <Filter>Header Files\M01</Filter>
    </ClInclude>
    <ClInclude Include="M01_GDI_GuardTower_NOD_Commander_JDG.h">
      <Filter>Header Files\M01</Filter>
    </ClInclude>
    <ClInclude Include="M01_GDIBase_AI_ExitZone_JDG.h">
      <Filter>Header Files\M01</Filter>
    </ClInclude>
    <ClInclude Include="M01_GDIBase_RealLightTank_JDG.h">
      <Filter>Header Files\M01</Filter>
    </ClInclude>
    <ClInclude Include="M01_Player_is_Entering_GDI_Base_Zone.h">
      <Filter>Header Files\M01</Filter>
    </ClInclude>
    <ClInclude Include="M01_PlayerLeaving_BarnArea_Zone_JDG.h">
      <Filter>Header Files\M01</Filter>
    </ClInclude>
    <ClInclude Include="M01_Player_is_Leaving_GDI_Base_Zone.h">
      <Filter>Header Files\M01</Filter>
    </ClInclude>
    <ClInclude Include="M01_PlayerEntering_BarnArea_Zone_JDG.h">
      <Filter>Header Files\M01</Filter>
    </ClInclude>
    <ClInclude Include="M01_Barn_Point_Guard_01_JDG.h">
      <Filter>Header Files\M01</Filter>
    </ClInclude>
    <ClInclude Include="M01_Billys_Conversation_Zone_JDG.h">
      <Filter>Header Files\M01</Filter>
    </ClInclude>
    <ClInclude Include="M01_Hovercraft_Explosion_Controller_JDG.h">
      <Filter>Header Files\M01</Filter>
    </ClInclude>
    <ClInclude Include="M01_C4_Tutorial_Zone_JDG.h">
      <Filter>Header Files\M01</Filter>
    </ClInclude>
    <ClInclude Include="M01_TurretBeach_Turret_01_Script_JDG.h">
      <Filter>Header Files\M01</Filter>
    </ClInclude>
    <ClInclude Include="M01_TurretBeach_FodderHovercraft_Controller_JDG.h">
      <Filter>Header Files\M01</Filter>
    </ClInclude>
    <ClInclude Include="M01_FodderHovercraft_Script_JDG.h">
      <Filter>Header Files\M01</Filter>
    </ClInclude>
    <ClInclude Include="M01_Medium_Tank01_JDG.h">
      <Filter>Header Files\M01</Filter>
    </ClInclude>
    <ClInclude Include="M01_Medium_Tank_JDG.h">
      <Filter>Header Files\M01</Filter>
    </ClInclude>
    <ClInclude Include="M01_Medium_Tank_Tunnel_Squish_Guy_JDG.h">
      <Filter>Header Files\M01</Filter>
    </ClInclude>
    <ClInclude Include="M01_TurretBeach_Engineer_JDG.h">
      <Filter>Header Files\M01</Filter>
    </ClInclude>
    <ClInclude Include="M01_GunboatAction_Controller_JDG.h">
      <Filter>Header Files\M01</Filter>
    </ClInclude>
    <ClInclude Include="M01_Initial_Gunboat_Script_JDG.h">
      <Filter>Header Files\M01</Filter>
    </ClInclude>
    <ClInclude Include="M01_Sinking_Gunboat_JDG.h">
      <Filter>Header Files\M01</Filter>
    </ClInclude>
    <ClInclude Include="M01_Gunboat_Spawn_Hovercraft_Zone_JDG.h">
      <Filter>Header Files\M01</Filter>
    </ClInclude>
    <ClInclude Include="M01_BarnArea_EvacMonitor_JDG.h">
      <Filter>Header Files\M01</Filter>
    </ClInclude>
    <ClInclude Include="M01_Barn_EntryZone_JDG.h">
      <Filter>Header Files\M01</Filter>
    </ClInclude>
    <ClInclude Include="M01_BarnArea_Air_Evac_Waypath_JDG.h">
      <Filter>Header Files\M01</Filter>
    </ClInclude>
    <ClInclude Include="M01_BarnArea_Air_Evac_Chopper_JDG.h">
      <Filter>Header Files\M01</Filter>
    </ClInclude>
    <ClInclude Include="M01_BarnArea_Air_Evac_Rope_JDG.h">
      <Filter>Header Files\M01</Filter>
    </ClInclude>
    <ClInclude Include="M01_Barn_Door_Guard_JDG.h">
      <Filter>Header Files\M01</Filter>
    </ClInclude>
    <ClInclude Include="M01_Barn_Talk_Guard_01_JDG.h">
      <Filter>Header Files\M01</Filter>
    </ClInclude>
    <ClInclude Include="M01_Barn_Prisoner_01_JDG.h">
      <Filter>Header Files\M01</Filter>
    </ClInclude>
    <ClInclude Include="M01_Barn_Prisoner_02_JDG.h">
      <Filter>Header Files\M01</Filter>
    </ClInclude>
    <ClInclude Include="M01_Barn_Prisoner_03_JDG.h">
      <Filter>Header Files\M01</Filter>
    </ClInclude>
    <ClInclude Include="M01_Barn_Babushkas_Conversation_Zone_JDG.h">
      <Filter>Header Files\M01</Filter>
    </ClInclude>
    <ClInclude Include="M01_Shed_Datadisc_JDG.h">
      <Filter>Header Files\M01</Filter>
    </ClInclude>
    <ClInclude Include="M01_BarnArea_AI_ExitZone_JDG.h">
      <Filter>Header Files\M01</Filter>
    </ClInclude>
    <ClInclude Include="M01_Player_Is_Entering_Tailgun_Alley_Backway_JDG.h">
      <Filter>Header Files\M01</Filter>
    </ClInclude>
    <ClInclude Include="M01_Tunnel_Exterior_Zone.h">
      <Filter>Header Files\M01</Filter>
    </ClInclude>
    <ClInclude Include="M01_Tunnel_Interior_Zone.h">
      <Filter>Header Files\M01</Filter>
    </ClInclude>
    <ClInclude Include="M01_Tank_Entering_Tunnel_Zone_JDG.h">
      <Filter>Header Files\M01</Filter>
    </ClInclude>
    <ClInclude Include="M01_MediumTank_ReminderZone_JDG.h">
      <Filter>Header Files\M01</Filter>
    </ClInclude>
    <ClInclude Include="M01_Player_Is_Entering_Tailgun_Alley_JDG.h">
      <Filter>Header Files\M01</Filter>
    </ClInclude>
    <ClInclude Include="M01_TailGun_01_JDG.h">
      <Filter>Header Files\M01</Filter>
    </ClInclude>
    <ClInclude Include="M01_TailGun_02_JDG.h">
      <Filter>Header Files\M01</Filter>
    </ClInclude>
    <ClInclude Include="M01_TailGun_03_JDG.h">
      <Filter>Header Files\M01</Filter>
    </ClInclude>
    <ClInclude Include="M01_GDIBase_LightTank_JDG.h">
      <Filter>Header Files\M01</Filter>
    </ClInclude>
    <ClInclude Include="M01_GDI_Base_Spawner_Controller_JDG.h">
      <Filter>Header Files\M01</Filter>
    </ClInclude>
    <ClInclude Include="M01_CantBring_MediumTank_ThroughHereZone_JDG.h">
      <Filter>Header Files\M01</Filter>
    </ClInclude>
    <ClInclude Include="M01_TurnOff_TankReminder_Zone_JDG.h">
      <Filter>Header Files\M01</Filter>
    </ClInclude>
    <ClInclude Include="M01_HON_Commander_Guy.h">
      <Filter>Header Files\M01</Filter>
    </ClInclude>
    <ClInclude Include="M01_TailgunRun_NOD_Commander_JDG.h">
      <Filter>Header Files\M01</Filter>
    </ClInclude>
    <ClInclude Include="M01_Lose_Any_Church_Escorts_Zone_02.h">
      <Filter>Header Files\M01</Filter>
    </ClInclude>
    <ClInclude Include="M01_Player_Is_Crossing_Bridge_Zone.h">
      <Filter>Header Files\M01</Filter>
    </ClInclude>
    <ClInclude Include="M01_Waterfall_Exterior_Zone.h">
      <Filter>Header Files\M01</Filter>
    </ClInclude>
    <ClInclude Include="M01_Waterfall_Interior_Zone.h">
      <Filter>Header Files\M01</Filter>
    </ClInclude>
    <ClInclude Include="M01_TibCave_StartZone_JDG.h">
      <Filter>Header Files\M01</Filter>
    </ClInclude>
    <ClInclude Include="M00_VisceroidInnate_DAY.h">
      <Filter>Header Files\M00</Filter>
    </ClInclude>
    <ClInclude Include="M01_Visceroid01_JDG.h">
      <Filter>Header Files\M01</Filter>
    </ClInclude>
    <ClInclude Include="M01_Visceroid02_JDG.h">
      <Filter>Header Files\M01</Filter>
    </ClInclude>
    <ClInclude Include="M01_Visceroid03_JDG.h">
      <Filter>Header Files\M01</Filter>
    </ClInclude>
    <ClInclude Include="M01_Visceroid_NodGuy01_JDG.h">
      <Filter>Header Files\M01</Filter>
    </ClInclude>
    <ClInclude Include="M01_Visceroid_NodGuy02_JDG.h">
      <Filter>Header Files\M01</Filter>
    </ClInclude>
    <ClInclude Include="M01_TibCave02_Datadisc_JDG.h">
      <Filter>Header Files\M01</Filter>
    </ClInclude>
    <ClInclude Include="M01_Player_Is_Crossing_Bridge_Via_Cave_Zone.h">
      <Filter>Header Files\M01</Filter>
    </ClInclude>
    <ClInclude Include="M01_Tiberium_Cave_Spawn_Helicopter_Zone_JDG.h">
      <Filter>Header Files\M01</Filter>
    </ClInclude>
    <ClInclude Include="M01_Tailgun_Run_Spawner_Controller_JDG.h">
      <Filter>Header Files\M01</Filter>
    </ClInclude>
    <ClInclude Include="M01_TiberiumCave_UpThere_NodGuy_JDG.h">
      <Filter>Header Files\M01</Filter>
    </ClInclude>
    <ClInclude Include="M01_TibField_Guard01_New_JDG.h">
      <Filter>Header Files\M01</Filter>
    </ClInclude>
    <ClInclude Include="M01_Entering_Church_Area_Zone.h">
      <Filter>Header Files\M01</Filter>
    </ClInclude>
    <ClInclude Include="M01_Player_Is_Crossing_Bridge_Via_Church_Zone.h">
      <Filter>Header Files\M01</Filter>
    </ClInclude>
    <ClInclude Include="M01_Interior_Nun_Conversation_Zone_JDG.h">
      <Filter>Header Files\M01</Filter>
    </ClInclude>
    <ClInclude Include="M01_GDI_Escort_Conversation_Controller_GDI.h">
      <Filter>Header Files\M01</Filter>
    </ClInclude>
    <ClInclude Include="M01_ChurchArea_EvacMonitor_JDG.h">
      <Filter>Header Files\M01</Filter>
    </ClInclude>
  </ItemGroup>
  <ItemGroup>
    <None Include="mx0_c130troopdrop.txt">
      <Filter>Resource Files\Cinematic Files\M13</Filter>
    </None>
    <None Include="mx0_c130troopdrop2.txt">
      <Filter>Resource Files\Cinematic Files\M13</Filter>
    </None>
    <None Include="x00_intro.txt">
      <Filter>Resource Files\Cinematic Files\M13</Filter>
    </None>
  </ItemGroup>
  <ItemGroup>
    <Text Include="Completed.txt">
      <Filter>Resource Files</Filter>
    </Text>
    <Text Include="Uncompleted.txt">
      <Filter>Resource Files</Filter>
    </Text>
    <Text Include="mx0_a03_nod_ledgedrop.txt">
      <Filter>Resource Files\Cinematic Files\M13</Filter>
    </Text>
    <Text Include="mx0_gdi_reinforce_area4.txt">
      <Filter>Resource Files\Cinematic Files\M13</Filter>
    </Text>
    <Text Include="mx0_gdi_troopdrop_area4.txt">
      <Filter>Resource Files\Cinematic Files\M13</Filter>
    </Text>
    <Text Include="x0d_a10_crash.txt">
      <Filter>Resource Files\Cinematic Files\M13</Filter>
    </Text>
    <Text Include="x0e_obelisk.txt">
      <Filter>Resource Files\Cinematic Files\M13</Filter>
    </Text>
    <Text Include="x0f_harvester.txt">
      <Filter>Resource Files\Cinematic Files\M13</Filter>
    </Text>
    <Text Include="x0i_drop02_a02_e01.txt">
      <Filter>Resource Files\Cinematic Files\M13</Filter>
    </Text>
    <Text Include="x0i_drop02_a02_e02.txt">
      <Filter>Resource Files\Cinematic Files\M13</Filter>
    </Text>
    <Text Include="x0i_gdi_drop02_engineer.txt">
      <Filter>Resource Files\Cinematic Files\M13</Filter>
    </Text>
    <Text Include="xg_a03_humveedrop_b.txt">
      <Filter>Resource Files\Cinematic Files\M13</Filter>
    </Text>
    <Text Include="xg_a03_tank_drop.txt">
      <Filter>Resource Files\Cinematic Files\M13</Filter>
    </Text>
    <Text Include="x0z_finale.txt">
      <Filter>Resource Files\Cinematic Files\M13</Filter>
    </Text>
    <Text Include="x0c_flyovers_01.txt">
      <Filter>Resource Files\Cinematic Files\M13</Filter>
    </Text>
    <Text Include="x0c_flyovers_02.txt">
      <Filter>Resource Files\Cinematic Files\M13</Filter>
    </Text>
    <Text Include="mx0_a03_gdi_troopdrop.txt">
      <Filter>Resource Files\Cinematic Files\M13</Filter>
    </Text>
    <Text Include="x2a_orcastrike.txt">
      <Filter>Resource Files\Cinematic Files\M02</Filter>
    </Text>
    <Text Include="x2d_mtank_slip.txt">
      <Filter>Resource Files\Cinematic Files\M02</Filter>
    </Text>
    <Text Include="x2e_c130drop.txt">
      <Filter>Resource Files\Cinematic Files\M02</Filter>
    </Text>
    <Text Include="x2f_orcasam.txt">
      <Filter>Resource Files\Cinematic Files\M02</Filter>
    </Text>
    <Text Include="x2g_aircrash.txt">
      <Filter>Resource Files\Cinematic Files\M02</Filter>
    </Text>
    <Text Include="x2h_apachespray.txt">
      <Filter>Resource Files\Cinematic Files\M02</Filter>
    </Text>
    <Text Include="x2i_drop02_area00.txt">
      <Filter>Resource Files\Cinematic Files\M02</Filter>
    </Text>
    <Text Include="x2i_drop02_area01.txt">
      <Filter>Resource Files\Cinematic Files\M02</Filter>
    </Text>
    <Text Include="x2i_drop02_area02.txt">
      <Filter>Resource Files\Cinematic Files\M02</Filter>
    </Text>
    <Text Include="x2i_drop02_area03.txt">
      <Filter>Resource Files\Cinematic Files\M02</Filter>
    </Text>
    <Text Include="x2i_drop02_area04.txt">
      <Filter>Resource Files\Cinematic Files\M02</Filter>
    </Text>
    <Text Include="x2i_drop02_area06.txt">
      <Filter>Resource Files\Cinematic Files\M02</Filter>
    </Text>
    <Text Include="x2i_drop02_area09.txt">
      <Filter>Resource Files\Cinematic Files\M02</Filter>
    </Text>
    <Text Include="x2i_drop02_area10.txt">
      <Filter>Resource Files\Cinematic Files\M02</Filter>
    </Text>
    <Text Include="x2i_drop02_area11.txt">
      <Filter>Resource Files\Cinematic Files\M02</Filter>
    </Text>
    <Text Include="x2i_drop02_area21.txt">
      <Filter>Resource Files\Cinematic Files\M02</Filter>
    </Text>
    <Text Include="x2i_drop03_area00.txt">
      <Filter>Resource Files\Cinematic Files\M02</Filter>
    </Text>
    <Text Include="x2i_drop03_area01.txt">
      <Filter>Resource Files\Cinematic Files\M02</Filter>
    </Text>
    <Text Include="x2i_drop03_area02.txt">
      <Filter>Resource Files\Cinematic Files\M02</Filter>
    </Text>
    <Text Include="x2i_drop03_area03.txt">
      <Filter>Resource Files\Cinematic Files\M02</Filter>
    </Text>
    <Text Include="x2i_drop03_area04.txt">
      <Filter>Resource Files\Cinematic Files\M02</Filter>
    </Text>
    <Text Include="x2i_drop03_area06.txt">
      <Filter>Resource Files\Cinematic Files\M02</Filter>
    </Text>
    <Text Include="x2i_drop03_area09.txt">
      <Filter>Resource Files\Cinematic Files\M02</Filter>
    </Text>
    <Text Include="x2i_drop03_area10.txt">
      <Filter>Resource Files\Cinematic Files\M02</Filter>
    </Text>
    <Text Include="x2i_drop03_area11.txt">
      <Filter>Resource Files\Cinematic Files\M02</Filter>
    </Text>
    <Text Include="x2i_drop03_area21.txt">
      <Filter>Resource Files\Cinematic Files\M02</Filter>
    </Text>
    <Text Include="x2i_gdi_drop_hummvee.txt">
      <Filter>Resource Files\Cinematic Files\M02</Filter>
    </Text>
    <Text Include="x2i_gdi_drop_mediumtank.txt">
      <Filter>Resource Files\Cinematic Files\M02</Filter>
    </Text>
    <Text Include="x2i_gdi_drop_powerup.txt">
      <Filter>Resource Files\Cinematic Files\M02</Filter>
    </Text>
    <Text Include="x2i_gdi_drop02_rocket.txt">
      <Filter>Resource Files\Cinematic Files\M02</Filter>
    </Text>
    <Text Include="x2i_gdi_drop02_rocket_2.txt">
      <Filter>Resource Files\Cinematic Files\M02</Filter>
    </Text>
    <Text Include="x2i_gdi_drop03_minigunner.txt">
      <Filter>Resource Files\Cinematic Files\M02</Filter>
    </Text>
    <Text Include="x2i_para03_area00.txt">
      <Filter>Resource Files\Cinematic Files\M02</Filter>
    </Text>
    <Text Include="x2i_para03_area01.txt">
      <Filter>Resource Files\Cinematic Files\M02</Filter>
    </Text>
    <Text Include="x2i_para03_area02.txt">
      <Filter>Resource Files\Cinematic Files\M02</Filter>
    </Text>
    <Text Include="x2i_para03_area03.txt">
      <Filter>Resource Files\Cinematic Files\M02</Filter>
    </Text>
    <Text Include="x2i_para03_area04.txt">
      <Filter>Resource Files\Cinematic Files\M02</Filter>
    </Text>
    <Text Include="x2i_para03_area06.txt">
      <Filter>Resource Files\Cinematic Files\M02</Filter>
    </Text>
    <Text Include="x2i_para03_area09.txt">
      <Filter>Resource Files\Cinematic Files\M02</Filter>
    </Text>
    <Text Include="x2i_para03_area21.txt">
      <Filter>Resource Files\Cinematic Files\M02</Filter>
    </Text>
    <Text Include="x2k_midtro.txt">
      <Filter>Resource Files\Cinematic Files\M02</Filter>
    </Text>
    <Text Include="xg_rope_evac_f.txt">
      <Filter>Resource Files\Cinematic Files\M02</Filter>
    </Text>
    <Text Include="x2i_gdi_drop02_rocket_24.txt">
      <Filter>Resource Files\Cinematic Files\M02</Filter>
    </Text>
    <Text Include="x1d_gdipowerupdrop.txt">
      <Filter>Resource Files\Cinematic Files\M01</Filter>
    </Text>
    <Text Include="x1a_solo_a10_03.txt">
      <Filter>Resource Files\Cinematic Files\M01</Filter>
    </Text>
    <Text Include="x1a_solo_a10_04.txt">
      <Filter>Resource Files\Cinematic Files\M01</Filter>
    </Text>
    <Text Include="x1a_solo_apache_03.txt">
      <Filter>Resource Files\Cinematic Files\M01</Filter>
    </Text>
    <Text Include="x1a_solo_apache_04.txt">
      <Filter>Resource Files\Cinematic Files\M01</Filter>
    </Text>
    <Text Include="x1a_solo_gdi_chinook_04.txt">
      <Filter>Resource Files\Cinematic Files\M01</Filter>
    </Text>
    <Text Include="x1a_solo_nod_chinook_03.txt">
      <Filter>Resource Files\Cinematic Files\M01</Filter>
    </Text>
    <Text Include="x1a_solo_nod_chinook_04.txt">
      <Filter>Resource Files\Cinematic Files\M01</Filter>
    </Text>
    <Text Include="x1a_solo_nodcargo_03.txt">
      <Filter>Resource Files\Cinematic Files\M01</Filter>
    </Text>
    <Text Include="x1a_solo_nodcargo_04.txt">
      <Filter>Resource Files\Cinematic Files\M01</Filter>
    </Text>
    <Text Include="x1a_solo_orca_03.txt">
      <Filter>Resource Files\Cinematic Files\M01</Filter>
    </Text>
    <Text Include="x1a_solo_orca_04.txt">
      <Filter>Resource Files\Cinematic Files\M01</Filter>
    </Text>
    <Text Include="x1a_solo_a10_05.txt">
      <Filter>Resource Files\Cinematic Files\M01</Filter>
    </Text>
    <Text Include="x1a_solo_a10_06.txt">
      <Filter>Resource Files\Cinematic Files\M01</Filter>
    </Text>
    <Text Include="x1a_solo_a10_07.txt">
      <Filter>Resource Files\Cinematic Files\M01</Filter>
    </Text>
    <Text Include="x1a_solo_a10_08.txt">
      <Filter>Resource Files\Cinematic Files\M01</Filter>
    </Text>
    <Text Include="x1a_solo_apache_05.txt">
      <Filter>Resource Files\Cinematic Files\M01</Filter>
    </Text>
    <Text Include="x1a_solo_apache_06.txt">
      <Filter>Resource Files\Cinematic Files\M01</Filter>
    </Text>
    <Text Include="x1a_solo_apache_07.txt">
      <Filter>Resource Files\Cinematic Files\M01</Filter>
    </Text>
    <Text Include="x1a_solo_apache_08.txt">
      <Filter>Resource Files\Cinematic Files\M01</Filter>
    </Text>
    <Text Include="x1a_solo_gdi_chinook_05.txt">
      <Filter>Resource Files\Cinematic Files\M01</Filter>
    </Text>
    <Text Include="x1a_solo_gdi_chinook_06.txt">
      <Filter>Resource Files\Cinematic Files\M01</Filter>
    </Text>
    <Text Include="x1a_solo_gdi_chinook_07.txt">
      <Filter>Resource Files\Cinematic Files\M01</Filter>
    </Text>
    <Text Include="x1a_solo_gdi_chinook_08.txt">
      <Filter>Resource Files\Cinematic Files\M01</Filter>
    </Text>
    <Text Include="x1a_solo_nod_chinook_05.txt">
      <Filter>Resource Files\Cinematic Files\M01</Filter>
    </Text>
    <Text Include="x1a_solo_nod_chinook_06.txt">
      <Filter>Resource Files\Cinematic Files\M01</Filter>
    </Text>
    <Text Include="x1a_solo_nod_chinook_07.txt">
      <Filter>Resource Files\Cinematic Files\M01</Filter>
    </Text>
    <Text Include="x1a_solo_nod_chinook_08.txt">
      <Filter>Resource Files\Cinematic Files\M01</Filter>
    </Text>
    <Text Include="x1a_solo_nodcargo_05.txt">
      <Filter>Resource Files\Cinematic Files\M01</Filter>
    </Text>
    <Text Include="x1a_solo_nodcargo_06.txt">
      <Filter>Resource Files\Cinematic Files\M01</Filter>
    </Text>
    <Text Include="x1a_solo_nodcargo_07.txt">
      <Filter>Resource Files\Cinematic Files\M01</Filter>
    </Text>
    <Text Include="x1a_solo_nodcargo_08.txt">
      <Filter>Resource Files\Cinematic Files\M01</Filter>
    </Text>
    <Text Include="x1a_solo_orca_05.txt">
      <Filter>Resource Files\Cinematic Files\M01</Filter>
    </Text>
    <Text Include="x1a_solo_orca_06.txt">
      <Filter>Resource Files\Cinematic Files\M01</Filter>
    </Text>
    <Text Include="x1a_solo_orca_07.txt">
      <Filter>Resource Files\Cinematic Files\M01</Filter>
    </Text>
    <Text Include="x1a_solo_orca_08.txt">
      <Filter>Resource Files\Cinematic Files\M01</Filter>
    </Text>
    <Text Include="x1a_solo_a10_18.txt">
      <Filter>Resource Files\Cinematic Files\M01</Filter>
    </Text>
    <Text Include="x1a_solo_a10_19.txt">
      <Filter>Resource Files\Cinematic Files\M01</Filter>
    </Text>
    <Text Include="x1a_solo_apache_18.txt">
      <Filter>Resource Files\Cinematic Files\M01</Filter>
    </Text>
    <Text Include="x1a_solo_apache_19.txt">
      <Filter>Resource Files\Cinematic Files\M01</Filter>
    </Text>
    <Text Include="x1a_solo_gdi_chinook_18.txt">
      <Filter>Resource Files\Cinematic Files\M01</Filter>
    </Text>
    <Text Include="x1a_solo_gdi_chinook_19.txt">
      <Filter>Resource Files\Cinematic Files\M01</Filter>
    </Text>
    <Text Include="x1a_solo_nod_chinook_18.txt">
      <Filter>Resource Files\Cinematic Files\M01</Filter>
    </Text>
    <Text Include="x1a_solo_nod_chinook_19.txt">
      <Filter>Resource Files\Cinematic Files\M01</Filter>
    </Text>
    <Text Include="x1a_solo_nodcargo_18.txt">
      <Filter>Resource Files\Cinematic Files\M01</Filter>
    </Text>
    <Text Include="x1a_solo_nodcargo_19.txt">
      <Filter>Resource Files\Cinematic Files\M01</Filter>
    </Text>
    <Text Include="x1a_solo_orca_18.txt">
      <Filter>Resource Files\Cinematic Files\M01</Filter>
    </Text>
    <Text Include="x1a_solo_orca_19.txt">
      <Filter>Resource Files\Cinematic Files\M01</Filter>
    </Text>
    <Text Include="x1a_solo_a10_20.txt">
      <Filter>Resource Files\Cinematic Files\M01</Filter>
    </Text>
    <Text Include="x1a_solo_a10_21.txt">
      <Filter>Resource Files\Cinematic Files\M01</Filter>
    </Text>
    <Text Include="x1a_solo_apache_20.txt">
      <Filter>Resource Files\Cinematic Files\M01</Filter>
    </Text>
    <Text Include="x1a_solo_apache_21.txt">
      <Filter>Resource Files\Cinematic Files\M01</Filter>
    </Text>
    <Text Include="x1a_solo_gdi_chinook_20.txt">
      <Filter>Resource Files\Cinematic Files\M01</Filter>
    </Text>
    <Text Include="x1a_solo_gdi_chinook_21.txt">
      <Filter>Resource Files\Cinematic Files\M01</Filter>
    </Text>
    <Text Include="x1a_solo_nod_chinook_20.txt">
      <Filter>Resource Files\Cinematic Files\M01</Filter>
    </Text>
    <Text Include="x1a_solo_nod_chinook_21.txt">
      <Filter>Resource Files\Cinematic Files\M01</Filter>
    </Text>
    <Text Include="x1a_solo_orca_20.txt">
      <Filter>Resource Files\Cinematic Files\M01</Filter>
    </Text>
    <Text Include="x1a_solo_orca_21.txt">
      <Filter>Resource Files\Cinematic Files\M01</Filter>
    </Text>
    <Text Include="x1a_solo_a10_14.txt">
      <Filter>Resource Files\Cinematic Files\M01</Filter>
    </Text>
    <Text Include="x1a_solo_a10_15.txt">
      <Filter>Resource Files\Cinematic Files\M01</Filter>
    </Text>
    <Text Include="x1a_solo_apache_14.txt">
      <Filter>Resource Files\Cinematic Files\M01</Filter>
    </Text>
    <Text Include="x1a_solo_apache_15.txt">
      <Filter>Resource Files\Cinematic Files\M01</Filter>
    </Text>
    <Text Include="x1a_solo_gdi_chinook_14.txt">
      <Filter>Resource Files\Cinematic Files\M01</Filter>
    </Text>
    <Text Include="x1a_solo_gdi_chinook_15.txt">
      <Filter>Resource Files\Cinematic Files\M01</Filter>
    </Text>
    <Text Include="x1a_solo_nod_chinook_14.txt">
      <Filter>Resource Files\Cinematic Files\M01</Filter>
    </Text>
    <Text Include="x1a_solo_nod_chinook_15.txt">
      <Filter>Resource Files\Cinematic Files\M01</Filter>
    </Text>
    <Text Include="x1a_solo_nodcargo_14.txt">
      <Filter>Resource Files\Cinematic Files\M01</Filter>
    </Text>
    <Text Include="x1a_solo_nodcargo_15.txt">
      <Filter>Resource Files\Cinematic Files\M01</Filter>
    </Text>
    <Text Include="x1a_solo_orca_14.txt">
      <Filter>Resource Files\Cinematic Files\M01</Filter>
    </Text>
    <Text Include="x1a_solo_orca_15.txt">
      <Filter>Resource Files\Cinematic Files\M01</Filter>
    </Text>
    <Text Include="x1a_solo_a10_16.txt">
      <Filter>Resource Files\Cinematic Files\M01</Filter>
    </Text>
    <Text Include="x1a_solo_a10_17.txt">
      <Filter>Resource Files\Cinematic Files\M01</Filter>
    </Text>
    <Text Include="x1a_solo_apache_16.txt">
      <Filter>Resource Files\Cinematic Files\M01</Filter>
    </Text>
    <Text Include="x1a_solo_apache_17.txt">
      <Filter>Resource Files\Cinematic Files\M01</Filter>
    </Text>
    <Text Include="x1a_solo_gdi_chinook_16.txt">
      <Filter>Resource Files\Cinematic Files\M01</Filter>
    </Text>
    <Text Include="x1a_solo_gdi_chinook_17.txt">
      <Filter>Resource Files\Cinematic Files\M01</Filter>
    </Text>
    <Text Include="x1a_solo_nod_chinook_16.txt">
      <Filter>Resource Files\Cinematic Files\M01</Filter>
    </Text>
    <Text Include="x1a_solo_nod_chinook_17.txt">
      <Filter>Resource Files\Cinematic Files\M01</Filter>
    </Text>
    <Text Include="x1a_solo_nodcargo_16.txt">
      <Filter>Resource Files\Cinematic Files\M01</Filter>
    </Text>
    <Text Include="x1a_solo_nodcargo_17.txt">
      <Filter>Resource Files\Cinematic Files\M01</Filter>
    </Text>
    <Text Include="x1a_solo_orca_16.txt">
      <Filter>Resource Files\Cinematic Files\M01</Filter>
    </Text>
    <Text Include="x1a_solo_orca_17.txt">
      <Filter>Resource Files\Cinematic Files\M01</Filter>
    </Text>
    <Text Include="x1a_solo_a10_09.txt">
      <Filter>Resource Files\Cinematic Files\M01</Filter>
    </Text>
    <Text Include="x1a_solo_a10_10.txt">
      <Filter>Resource Files\Cinematic Files\M01</Filter>
    </Text>
    <Text Include="x1a_solo_a10_11.txt">
      <Filter>Resource Files\Cinematic Files\M01</Filter>
    </Text>
    <Text Include="x1a_solo_apache_09.txt">
      <Filter>Resource Files\Cinematic Files\M01</Filter>
    </Text>
    <Text Include="x1a_solo_apache_10.txt">
      <Filter>Resource Files\Cinematic Files\M01</Filter>
    </Text>
    <Text Include="x1a_solo_apache_11.txt">
      <Filter>Resource Files\Cinematic Files\M01</Filter>
    </Text>
    <Text Include="x1a_solo_gdi_chinook_09.txt">
      <Filter>Resource Files\Cinematic Files\M01</Filter>
    </Text>
    <Text Include="x1a_solo_gdi_chinook_10.txt">
      <Filter>Resource Files\Cinematic Files\M01</Filter>
    </Text>
    <Text Include="x1a_solo_gdi_chinook_11.txt">
      <Filter>Resource Files\Cinematic Files\M01</Filter>
    </Text>
    <Text Include="x1a_solo_nod_chinook_09.txt">
      <Filter>Resource Files\Cinematic Files\M01</Filter>
    </Text>
    <Text Include="x1a_solo_nod_chinook_10.txt">
      <Filter>Resource Files\Cinematic Files\M01</Filter>
    </Text>
    <Text Include="x1a_solo_nod_chinook_11.txt">
      <Filter>Resource Files\Cinematic Files\M01</Filter>
    </Text>
    <Text Include="x1a_solo_nodcargo_09.txt">
      <Filter>Resource Files\Cinematic Files\M01</Filter>
    </Text>
    <Text Include="x1a_solo_nodcargo_10.txt">
      <Filter>Resource Files\Cinematic Files\M01</Filter>
    </Text>
    <Text Include="x1a_solo_nodcargo_11.txt">
      <Filter>Resource Files\Cinematic Files\M01</Filter>
    </Text>
    <Text Include="x1a_solo_orca_09.txt">
      <Filter>Resource Files\Cinematic Files\M01</Filter>
    </Text>
    <Text Include="x1a_solo_orca_10.txt">
      <Filter>Resource Files\Cinematic Files\M01</Filter>
    </Text>
    <Text Include="x1a_solo_orca_11.txt">
      <Filter>Resource Files\Cinematic Files\M01</Filter>
    </Text>
    <Text Include="x1a_solo_a10_12.txt">
      <Filter>Resource Files\Cinematic Files\M01</Filter>
    </Text>
    <Text Include="x1a_solo_a10_13.txt">
      <Filter>Resource Files\Cinematic Files\M01</Filter>
    </Text>
    <Text Include="x1a_solo_apache_12.txt">
      <Filter>Resource Files\Cinematic Files\M01</Filter>
    </Text>
    <Text Include="x1a_solo_apache_13.txt">
      <Filter>Resource Files\Cinematic Files\M01</Filter>
    </Text>
    <Text Include="x1a_solo_gdi_chinook_12.txt">
      <Filter>Resource Files\Cinematic Files\M01</Filter>
    </Text>
    <Text Include="x1a_solo_gdi_chinook_13.txt">
      <Filter>Resource Files\Cinematic Files\M01</Filter>
    </Text>
    <Text Include="x1a_solo_nod_chinook_12.txt">
      <Filter>Resource Files\Cinematic Files\M01</Filter>
    </Text>
    <Text Include="x1a_solo_nod_chinook_13.txt">
      <Filter>Resource Files\Cinematic Files\M01</Filter>
    </Text>
    <Text Include="x1a_solo_nodcargo_12.txt">
      <Filter>Resource Files\Cinematic Files\M01</Filter>
    </Text>
    <Text Include="x1a_solo_nodcargo_13.txt">
      <Filter>Resource Files\Cinematic Files\M01</Filter>
    </Text>
    <Text Include="x1a_solo_orca_12.txt">
      <Filter>Resource Files\Cinematic Files\M01</Filter>
    </Text>
    <Text Include="x1a_solo_orca_13.txt">
      <Filter>Resource Files\Cinematic Files\M01</Filter>
    </Text>
    <Text Include="x1a_apache_orca_chase_01.txt">
      <Filter>Resource Files\Cinematic Files\M01</Filter>
    </Text>
    <Text Include="x1a_apache_orca_chase_02.txt">
      <Filter>Resource Files\Cinematic Files\M01</Filter>
    </Text>
    <Text Include="x1a_apache_orca_chase_03.txt">
      <Filter>Resource Files\Cinematic Files\M01</Filter>
    </Text>
    <Text Include="x1a_apache_orca_chase_04.txt">
      <Filter>Resource Files\Cinematic Files\M01</Filter>
    </Text>
    <Text Include="x1a_solo_apache_01.txt">
      <Filter>Resource Files\Cinematic Files\M01</Filter>
    </Text>
    <Text Include="x1a_solo_apache_02.txt">
      <Filter>Resource Files\Cinematic Files\M01</Filter>
    </Text>
    <Text Include="x1a_solo_gdi_chinook_01.txt">
      <Filter>Resource Files\Cinematic Files\M01</Filter>
    </Text>
    <Text Include="x1a_solo_gdi_chinook_02.txt">
      <Filter>Resource Files\Cinematic Files\M01</Filter>
    </Text>
    <Text Include="x1a_solo_nod_chinook_01.txt">
      <Filter>Resource Files\Cinematic Files\M01</Filter>
    </Text>
    <Text Include="x1a_solo_nod_chinook_02.txt">
      <Filter>Resource Files\Cinematic Files\M01</Filter>
    </Text>
    <Text Include="x1a_solo_orca_01.txt">
      <Filter>Resource Files\Cinematic Files\M01</Filter>
    </Text>
    <Text Include="x1a_solo_orca_02.txt">
      <Filter>Resource Files\Cinematic Files\M01</Filter>
    </Text>
    <Text Include="x1a_solo_gdi_chinook_03.txt">
      <Filter>Resource Files\Cinematic Files\M01</Filter>
    </Text>
    <Text Include="x1h_hover_troop.txt">
      <Filter>Resource Files\Cinematic Files\M01</Filter>
    </Text>
    <Text Include="x01d_c130troopdrop.txt">
      <Filter>Resource Files\Cinematic Files\M01</Filter>
    </Text>
    <Text Include="x1c_intro.txt">
      <Filter>Resource Files\Cinematic Files\M01</Filter>
    </Text>
    <Text Include="xg_ap_vs_trn.txt">
      <Filter>Resource Files\Cinematic Files\M01</Filter>
    </Text>
    <Text Include="x1i_gdibaseprimarynodchinook.txt">
      <Filter>Resource Files\Cinematic Files\M01</Filter>
    </Text>
    <Text Include="x1d_gtower_flaredrop.txt">
      <Filter>Resource Files\Cinematic Files\M01</Filter>
    </Text>
    <Text Include="x1i_easynodchinook.txt">
      <Filter>Resource Files\Cinematic Files\M01</Filter>
    </Text>
    <Text Include="x1i_easynodchinook01.txt">
      <Filter>Resource Files\Cinematic Files\M01</Filter>
    </Text>
    <Text Include="x1i_gdi_commcenter_troopdrop.txt">
      <Filter>Resource Files\Cinematic Files\M01</Filter>
    </Text>
    <Text Include="x1i_gdi_hon_troopdrop01a.txt">
      <Filter>Resource Files\Cinematic Files\M01</Filter>
    </Text>
    <Text Include="x1i_gdi_hon_troopdrop01b.txt">
      <Filter>Resource Files\Cinematic Files\M01</Filter>
    </Text>
    <Text Include="x1i_nod_turretbeach_troopdrop.txt">
      <Filter>Resource Files\Cinematic Files\M01</Filter>
    </Text>
    <Text Include="x1z_finale.txt">
      <Filter>Resource Files\Cinematic Files\M01</Filter>
    </Text>
    <Text Include="xg_m01_gdibasecommander_evacanim.txt">
      <Filter>Resource Files\Cinematic Files\M01</Filter>
    </Text>
    <Text Include="xg_m01_gdibasepow_evacanim.txt">
      <Filter>Resource Files\Cinematic Files\M01</Filter>
    </Text>
    <Text Include="x1d_gdipow_flaredrop.txt">
      <Filter>Resource Files\Cinematic Files\M01</Filter>
    </Text>
    <Text Include="x1g_a-10_strike.txt">
      <Filter>Resource Files\Cinematic Files\M01</Filter>
    </Text>
    <Text Include="x1d_fodderhover_mtank.txt">
      <Filter>Resource Files\Cinematic Files\M01</Filter>
    </Text>
    <Text Include="xg_m01_barnarea_evacanim.txt">
      <Filter>Resource Files\Cinematic Files\M01</Filter>
    </Text>
  </ItemGroup>
</Project>